Microsoft Visual Studio Solution File, Format Version 10.00
# Visual Studio 2008
Project("{8BC9CEB8-8B4A-11D0-8D11-00A0C91BC942}") = "CEGUIBase", "BaseSystem/CEGUIBase.vcproj", "{2EA7021D-8216-6B4B-B613-BF6DB2463A00}"
	ProjectSection(ProjectDependencies) = postProject
	EndProjectSection
EndProject
Project("{8BC9CEB8-8B4A-11D0-8D11-00A0C91BC942}") = "tolua++", "ScriptingModules/CEGUILua/tolua++/tolua++.vcproj", "{39D02353-9EBB-ED44-B89D-CD136263F4F4}"
	ProjectSection(ProjectDependencies) = postProject
	EndProjectSection
EndProject
Project("{8BC9CEB8-8B4A-11D0-8D11-00A0C91BC942}") = "tolua++cegui", "ScriptingModules/CEGUILua/tolua++bin/tolua++cegui.vcproj", "{67C493F5-1EC8-4346-AB7E-03B7E35741E3}"
	ProjectSection(ProjectDependencies) = postProject
		{39D02353-9EBB-ED44-B89D-CD136263F4F4} = {39D02353-9EBB-ED44-B89D-CD136263F4F4}
	EndProjectSection
EndProject
Project("{8BC9CEB8-8B4A-11D0-8D11-00A0C91BC942}") = "CEGUILua", "ScriptingModules/CEGUILua/LuaScriptModule/CEGUILua.vcproj", "{50530B01-74C5-894D-891A-73D520F38CB1}"
	ProjectSection(ProjectDependencies) = postProject
		{2EA7021D-8216-6B4B-B613-BF6DB2463A00} = {2EA7021D-8216-6B4B-B613-BF6DB2463A00}
		{39D02353-9EBB-ED44-B89D-CD136263F4F4} = {39D02353-9EBB-ED44-B89D-CD136263F4F4}
	EndProjectSection
EndProject
Project("{8BC9CEB8-8B4A-11D0-8D11-00A0C91BC942}") = "CEGUIFalagardWRBase", "WindowRendererSets/Falagard/CEGUIFalagardWRBase.vcproj", "{CF73B18B-092C-BD41-ADAE-CDDC08C8B5D8}"
	ProjectSection(ProjectDependencies) = postProject
		{2EA7021D-8216-6B4B-B613-BF6DB2463A00} = {2EA7021D-8216-6B4B-B613-BF6DB2463A00}
	EndProjectSection
EndProject
Project("{8BC9CEB8-8B4A-11D0-8D11-00A0C91BC942}") = "CEGUICoronaImageCodec", "ImageCodecModules/CoronaImageCodec/CEGUICoronaImageCodec.vcproj", "{B8BB0878-EEA5-0348-A3DC-30A7E394B646}"
	ProjectSection(ProjectDependencies) = postProject
		{2EA7021D-8216-6B4B-B613-BF6DB2463A00} = {2EA7021D-8216-6B4B-B613-BF6DB2463A00}
	EndProjectSection
EndProject
Project("{8BC9CEB8-8B4A-11D0-8D11-00A0C91BC942}") = "CEGUIDevILImageCodec", "ImageCodecModules/DevILImageCodec/CEGUIDevILImageCodec.vcproj", "{C280BB72-B598-A94C-AC39-2C28A1288992}"
	ProjectSection(ProjectDependencies) = postProject
		{2EA7021D-8216-6B4B-B613-BF6DB2463A00} = {2EA7021D-8216-6B4B-B613-BF6DB2463A00}
	EndProjectSection
EndProject
Project("{8BC9CEB8-8B4A-11D0-8D11-00A0C91BC942}") = "CEGUIFreeImageImageCodec", "ImageCodecModules/FreeImageImageCodec/CEGUIFreeImageImageCodec.vcproj", "{1929F8E9-4D4C-244C-B661-7F18EE3D4E82}"
	ProjectSection(ProjectDependencies) = postProject
		{2EA7021D-8216-6B4B-B613-BF6DB2463A00} = {2EA7021D-8216-6B4B-B613-BF6DB2463A00}
	EndProjectSection
EndProject
Project("{8BC9CEB8-8B4A-11D0-8D11-00A0C91BC942}") = "CEGUITGAImageCodec", "ImageCodecModules/TGAImageCodec/CEGUITGAImageCodec.vcproj", "{A3B40843-8ADA-AD40-8981-85B4FABF2FEF}"
	ProjectSection(ProjectDependencies) = postProject
		{2EA7021D-8216-6B4B-B613-BF6DB2463A00} = {2EA7021D-8216-6B4B-B613-BF6DB2463A00}
	EndProjectSection
EndProject
Project("{8BC9CEB8-8B4A-11D0-8D11-00A0C91BC942}") = "CEGUISILLYImageCodec", "ImageCodecModules/SILLYImageCodec/CEGUISILLYImageCodec.vcproj", "{DA6CFC6A-0F3B-1341-A4CF-300D4CAF5DD1}"
	ProjectSection(ProjectDependencies) = postProject
		{2EA7021D-8216-6B4B-B613-BF6DB2463A00} = {2EA7021D-8216-6B4B-B613-BF6DB2463A00}
	EndProjectSection
EndProject
Project("{8BC9CEB8-8B4A-11D0-8D11-00A0C91BC942}") = "CEGUIExpatParser", "XMLParserModules/expatParser/CEGUIExpatParser.vcproj", "{2FD44FCE-0BF2-0949-8F46-04B25286E5E1}"
	ProjectSection(ProjectDependencies) = postProject
		{2EA7021D-8216-6B4B-B613-BF6DB2463A00} = {2EA7021D-8216-6B4B-B613-BF6DB2463A00}
	EndProjectSection
EndProject
Project("{8BC9CEB8-8B4A-11D0-8D11-00A0C91BC942}") = "OpenGLGUIRenderer", "RendererModules/OpenGLGUIRenderer/OpenGLGUIRenderer.vcproj", "{BBD7B061-4842-6B46-B6B1-AF847A845B70}"
	ProjectSection(ProjectDependencies) = postProject
		{2EA7021D-8216-6B4B-B613-BF6DB2463A00} = {2EA7021D-8216-6B4B-B613-BF6DB2463A00}
	EndProjectSection
EndProject
Project("{8BC9CEB8-8B4A-11D0-8D11-00A0C91BC942}") = "DirectX9GUIRenderer", "RendererModules/DirectX9GUIRenderer/DirectX9GUIRenderer.vcproj", "{EB81B1ED-D588-EB41-93B9-1683B35B075A}"
	ProjectSection(ProjectDependencies) = postProject
		{2EA7021D-8216-6B4B-B613-BF6DB2463A00} = {2EA7021D-8216-6B4B-B613-BF6DB2463A00}
	EndProjectSection
EndProject
Global
	GlobalSection(SolutionConfigurationPlatforms) = preSolution
		Debug|Win32 = Debug|Win32
		Debug_Static|Win32 = Debug_Static|Win32
		ReleaseWithSymbols|Win32 = ReleaseWithSymbols|Win32
		Release|Win32 = Release|Win32
		Release_Static|Win32 = Release_Static|Win32
	EndGlobalSection
	GlobalSection(ProjectConfigurationPlatforms) = postSolution
		{2EA7021D-8216-6B4B-B613-BF6DB2463A00}.Debug|Win32.ActiveCfg = Debug|Win32
		{2EA7021D-8216-6B4B-B613-BF6DB2463A00}.Debug|Win32.Build.0 = Debug|Win32
		{2EA7021D-8216-6B4B-B613-BF6DB2463A00}.Debug_Static|Win32.ActiveCfg = Debug_Static|Win32
		{2EA7021D-8216-6B4B-B613-BF6DB2463A00}.Debug_Static|Win32.Build.0 = Debug_Static|Win32
		{2EA7021D-8216-6B4B-B613-BF6DB2463A00}.ReleaseWithSymbols|Win32.ActiveCfg = ReleaseWithSymbols|Win32
		{2EA7021D-8216-6B4B-B613-BF6DB2463A00}.ReleaseWithSymbols|Win32.Build.0 = ReleaseWithSymbols|Win32
		{2EA7021D-8216-6B4B-B613-BF6DB2463A00}.Release|Win32.ActiveCfg = Release|Win32
		{2EA7021D-8216-6B4B-B613-BF6DB2463A00}.Release|Win32.Build.0 = Release|Win32
		{2EA7021D-8216-6B4B-B613-BF6DB2463A00}.Release_Static|Win32.ActiveCfg = Release_Static|Win32
		{2EA7021D-8216-6B4B-B613-BF6DB2463A00}.Release_Static|Win32.Build.0 = Release_Static|Win32
		{39D02353-9EBB-ED44-B89D-CD136263F4F4}.Debug|Win32.ActiveCfg = Debug|Win32
		{39D02353-9EBB-ED44-B89D-CD136263F4F4}.Debug|Win32.Build.0 = Debug|Win32
		{39D02353-9EBB-ED44-B89D-CD136263F4F4}.Debug_Static|Win32.ActiveCfg = Debug_Static|Win32
		{39D02353-9EBB-ED44-B89D-CD136263F4F4}.Debug_Static|Win32.Build.0 = Debug_Static|Win32
		{39D02353-9EBB-ED44-B89D-CD136263F4F4}.ReleaseWithSymbols|Win32.ActiveCfg = ReleaseWithSymbols|Win32
		{39D02353-9EBB-ED44-B89D-CD136263F4F4}.ReleaseWithSymbols|Win32.Build.0 = ReleaseWithSymbols|Win32
		{39D02353-9EBB-ED44-B89D-CD136263F4F4}.Release|Win32.ActiveCfg = Release|Win32
		{39D02353-9EBB-ED44-B89D-CD136263F4F4}.Release|Win32.Build.0 = Release|Win32
		{39D02353-9EBB-ED44-B89D-CD136263F4F4}.Release_Static|Win32.ActiveCfg = Release_Static|Win32
		{39D02353-9EBB-ED44-B89D-CD136263F4F4}.Release_Static|Win32.Build.0 = Release_Static|Win32
		{67C493F5-1EC8-4346-AB7E-03B7E35741E3}.Debug|Win32.ActiveCfg = Debug|Win32
		{67C493F5-1EC8-4346-AB7E-03B7E35741E3}.Debug|Win32.Build.0 = Debug|Win32
		{67C493F5-1EC8-4346-AB7E-03B7E35741E3}.Debug_Static|Win32.ActiveCfg = Debug_Static|Win32
		{67C493F5-1EC8-4346-AB7E-03B7E35741E3}.Debug_Static|Win32.Build.0 = Debug_Static|Win32
		{67C493F5-1EC8-4346-AB7E-03B7E35741E3}.ReleaseWithSymbols|Win32.ActiveCfg = ReleaseWithSymbols|Win32
		{67C493F5-1EC8-4346-AB7E-03B7E35741E3}.ReleaseWithSymbols|Win32.Build.0 = ReleaseWithSymbols|Win32
		{67C493F5-1EC8-4346-AB7E-03B7E35741E3}.Release|Win32.ActiveCfg = Release|Win32
		{67C493F5-1EC8-4346-AB7E-03B7E35741E3}.Release|Win32.Build.0 = Release|Win32
		{67C493F5-1EC8-4346-AB7E-03B7E35741E3}.Release_Static|Win32.ActiveCfg = Release_Static|Win32
		{67C493F5-1EC8-4346-AB7E-03B7E35741E3}.Release_Static|Win32.Build.0 = Release_Static|Win32
		{50530B01-74C5-894D-891A-73D520F38CB1}.Debug|Win32.ActiveCfg = Debug|Win32
		{50530B01-74C5-894D-891A-73D520F38CB1}.Debug|Win32.Build.0 = Debug|Win32
		{50530B01-74C5-894D-891A-73D520F38CB1}.Debug_Static|Win32.ActiveCfg = Debug_Static|Win32
		{50530B01-74C5-894D-891A-73D520F38CB1}.Debug_Static|Win32.Build.0 = Debug_Static|Win32
		{50530B01-74C5-894D-891A-73D520F38CB1}.ReleaseWithSymbols|Win32.ActiveCfg = ReleaseWithSymbols|Win32
		{50530B01-74C5-894D-891A-73D520F38CB1}.ReleaseWithSymbols|Win32.Build.0 = ReleaseWithSymbols|Win32
		{50530B01-74C5-894D-891A-73D520F38CB1}.Release|Win32.ActiveCfg = Release|Win32
		{50530B01-74C5-894D-891A-73D520F38CB1}.Release|Win32.Build.0 = Release|Win32
		{50530B01-74C5-894D-891A-73D520F38CB1}.Release_Static|Win32.ActiveCfg = Release_Static|Win32
		{50530B01-74C5-894D-891A-73D520F38CB1}.Release_Static|Win32.Build.0 = Release_Static|Win32
		{CF73B18B-092C-BD41-ADAE-CDDC08C8B5D8}.Debug|Win32.ActiveCfg = Debug|Win32
		{CF73B18B-092C-BD41-ADAE-CDDC08C8B5D8}.Debug|Win32.Build.0 = Debug|Win32
		{CF73B18B-092C-BD41-ADAE-CDDC08C8B5D8}.Debug_Static|Win32.ActiveCfg = Debug_Static|Win32
		{CF73B18B-092C-BD41-ADAE-CDDC08C8B5D8}.Debug_Static|Win32.Build.0 = Debug_Static|Win32
		{CF73B18B-092C-BD41-ADAE-CDDC08C8B5D8}.ReleaseWithSymbols|Win32.ActiveCfg = ReleaseWithSymbols|Win32
		{CF73B18B-092C-BD41-ADAE-CDDC08C8B5D8}.ReleaseWithSymbols|Win32.Build.0 = ReleaseWithSymbols|Win32
		{CF73B18B-092C-BD41-ADAE-CDDC08C8B5D8}.Release|Win32.ActiveCfg = Release|Win32
		{CF73B18B-092C-BD41-ADAE-CDDC08C8B5D8}.Release|Win32.Build.0 = Release|Win32
		{CF73B18B-092C-BD41-ADAE-CDDC08C8B5D8}.Release_Static|Win32.ActiveCfg = Release_Static|Win32
		{CF73B18B-092C-BD41-ADAE-CDDC08C8B5D8}.Release_Static|Win32.Build.0 = Release_Static|Win32
		{B8BB0878-EEA5-0348-A3DC-30A7E394B646}.Debug|Win32.ActiveCfg = Debug|Win32
		{B8BB0878-EEA5-0348-A3DC-30A7E394B646}.Debug|Win32.Build.0 = Debug|Win32
		{B8BB0878-EEA5-0348-A3DC-30A7E394B646}.Debug_Static|Win32.ActiveCfg = Debug_Static|Win32
		{B8BB0878-EEA5-0348-A3DC-30A7E394B646}.Debug_Static|Win32.Build.0 = Debug_Static|Win32
		{B8BB0878-EEA5-0348-A3DC-30A7E394B646}.ReleaseWithSymbols|Win32.ActiveCfg = ReleaseWithSymbols|Win32
		{B8BB0878-EEA5-0348-A3DC-30A7E394B646}.ReleaseWithSymbols|Win32.Build.0 = ReleaseWithSymbols|Win32
		{B8BB0878-EEA5-0348-A3DC-30A7E394B646}.Release|Win32.ActiveCfg = Release|Win32
		{B8BB0878-EEA5-0348-A3DC-30A7E394B646}.Release|Win32.Build.0 = Release|Win32
		{B8BB0878-EEA5-0348-A3DC-30A7E394B646}.Release_Static|Win32.ActiveCfg = Release_Static|Win32
		{B8BB0878-EEA5-0348-A3DC-30A7E394B646}.Release_Static|Win32.Build.0 = Release_Static|Win32
		{C280BB72-B598-A94C-AC39-2C28A1288992}.Debug|Win32.ActiveCfg = Debug|Win32
		{C280BB72-B598-A94C-AC39-2C28A1288992}.Debug|Win32.Build.0 = Debug|Win32
		{C280BB72-B598-A94C-AC39-2C28A1288992}.Debug_Static|Win32.ActiveCfg = Debug_Static|Win32
		{C280BB72-B598-A94C-AC39-2C28A1288992}.Debug_Static|Win32.Build.0 = Debug_Static|Win32
		{C280BB72-B598-A94C-AC39-2C28A1288992}.ReleaseWithSymbols|Win32.ActiveCfg = ReleaseWithSymbols|Win32
		{C280BB72-B598-A94C-AC39-2C28A1288992}.ReleaseWithSymbols|Win32.Build.0 = ReleaseWithSymbols|Win32
		{C280BB72-B598-A94C-AC39-2C28A1288992}.Release|Win32.ActiveCfg = Release|Win32
		{C280BB72-B598-A94C-AC39-2C28A1288992}.Release|Win32.Build.0 = Release|Win32
		{C280BB72-B598-A94C-AC39-2C28A1288992}.Release_Static|Win32.ActiveCfg = Release_Static|Win32
		{C280BB72-B598-A94C-AC39-2C28A1288992}.Release_Static|Win32.Build.0 = Release_Static|Win32
		{1929F8E9-4D4C-244C-B661-7F18EE3D4E82}.Debug|Win32.ActiveCfg = Debug|Win32
		{1929F8E9-4D4C-244C-B661-7F18EE3D4E82}.Debug|Win32.Build.0 = Debug|Win32
		{1929F8E9-4D4C-244C-B661-7F18EE3D4E82}.Debug_Static|Win32.ActiveCfg = Debug_Static|Win32
		{1929F8E9-4D4C-244C-B661-7F18EE3D4E82}.Debug_Static|Win32.Build.0 = Debug_Static|Win32
		{1929F8E9-4D4C-244C-B661-7F18EE3D4E82}.ReleaseWithSymbols|Win32.ActiveCfg = ReleaseWithSymbols|Win32
		{1929F8E9-4D4C-244C-B661-7F18EE3D4E82}.ReleaseWithSymbols|Win32.Build.0 = ReleaseWithSymbols|Win32
		{1929F8E9-4D4C-244C-B661-7F18EE3D4E82}.Release|Win32.ActiveCfg = Release|Win32
		{1929F8E9-4D4C-244C-B661-7F18EE3D4E82}.Release|Win32.Build.0 = Release|Win32
		{1929F8E9-4D4C-244C-B661-7F18EE3D4E82}.Release_Static|Win32.ActiveCfg = Release_Static|Win32
		{1929F8E9-4D4C-244C-B661-7F18EE3D4E82}.Release_Static|Win32.Build.0 = Release_Static|Win32
		{A3B40843-8ADA-AD40-8981-85B4FABF2FEF}.Debug|Win32.ActiveCfg = Debug|Win32
		{A3B40843-8ADA-AD40-8981-85B4FABF2FEF}.Debug|Win32.Build.0 = Debug|Win32
		{A3B40843-8ADA-AD40-8981-85B4FABF2FEF}.Debug_Static|Win32.ActiveCfg = Debug_Static|Win32
		{A3B40843-8ADA-AD40-8981-85B4FABF2FEF}.Debug_Static|Win32.Build.0 = Debug_Static|Win32
		{A3B40843-8ADA-AD40-8981-85B4FABF2FEF}.ReleaseWithSymbols|Win32.ActiveCfg = ReleaseWithSymbols|Win32
		{A3B40843-8ADA-AD40-8981-85B4FABF2FEF}.ReleaseWithSymbols|Win32.Build.0 = ReleaseWithSymbols|Win32
		{A3B40843-8ADA-AD40-8981-85B4FABF2FEF}.Release|Win32.ActiveCfg = Release|Win32
		{A3B40843-8ADA-AD40-8981-85B4FABF2FEF}.Release|Win32.Build.0 = Release|Win32
		{A3B40843-8ADA-AD40-8981-85B4FABF2FEF}.Release_Static|Win32.ActiveCfg = Release_Static|Win32
		{A3B40843-8ADA-AD40-8981-85B4FABF2FEF}.Release_Static|Win32.Build.0 = Release_Static|Win32
		{DA6CFC6A-0F3B-1341-A4CF-300D4CAF5DD1}.Debug|Win32.ActiveCfg = Debug|Win32
		{DA6CFC6A-0F3B-1341-A4CF-300D4CAF5DD1}.Debug|Win32.Build.0 = Debug|Win32
		{DA6CFC6A-0F3B-1341-A4CF-300D4CAF5DD1}.Debug_Static|Win32.ActiveCfg = Debug_Static|Win32
		{DA6CFC6A-0F3B-1341-A4CF-300D4CAF5DD1}.Debug_Static|Win32.Build.0 = Debug_Static|Win32
		{DA6CFC6A-0F3B-1341-A4CF-300D4CAF5DD1}.ReleaseWithSymbols|Win32.ActiveCfg = ReleaseWithSymbols|Win32
		{DA6CFC6A-0F3B-1341-A4CF-300D4CAF5DD1}.ReleaseWithSymbols|Win32.Build.0 = ReleaseWithSymbols|Win32
		{DA6CFC6A-0F3B-1341-A4CF-300D4CAF5DD1}.Release|Win32.ActiveCfg = Release|Win32
		{DA6CFC6A-0F3B-1341-A4CF-300D4CAF5DD1}.Release|Win32.Build.0 = Release|Win32
		{DA6CFC6A-0F3B-1341-A4CF-300D4CAF5DD1}.Release_Static|Win32.ActiveCfg = Release_Static|Win32
		{DA6CFC6A-0F3B-1341-A4CF-300D4CAF5DD1}.Release_Static|Win32.Build.0 = Release_Static|Win32
		{2FD44FCE-0BF2-0949-8F46-04B25286E5E1}.Debug|Win32.ActiveCfg = Debug|Win32
		{2FD44FCE-0BF2-0949-8F46-04B25286E5E1}.Debug|Win32.Build.0 = Debug|Win32
		{2FD44FCE-0BF2-0949-8F46-04B25286E5E1}.Debug_Static|Win32.ActiveCfg = Debug_Static|Win32
		{2FD44FCE-0BF2-0949-8F46-04B25286E5E1}.Debug_Static|Win32.Build.0 = Debug_Static|Win32
		{2FD44FCE-0BF2-0949-8F46-04B25286E5E1}.ReleaseWithSymbols|Win32.ActiveCfg = ReleaseWithSymbols|Win32
		{2FD44FCE-0BF2-0949-8F46-04B25286E5E1}.ReleaseWithSymbols|Win32.Build.0 = ReleaseWithSymbols|Win32
		{2FD44FCE-0BF2-0949-8F46-04B25286E5E1}.Release|Win32.ActiveCfg = Release|Win32
		{2FD44FCE-0BF2-0949-8F46-04B25286E5E1}.Release|Win32.Build.0 = Release|Win32
		{2FD44FCE-0BF2-0949-8F46-04B25286E5E1}.Release_Static|Win32.ActiveCfg = Release_Static|Win32
		{2FD44FCE-0BF2-0949-8F46-04B25286E5E1}.Release_Static|Win32.Build.0 = Release_Static|Win32
		{BBD7B061-4842-6B46-B6B1-AF847A845B70}.Debug|Win32.ActiveCfg = Debug|Win32
		{BBD7B061-4842-6B46-B6B1-AF847A845B70}.Debug|Win32.Build.0 = Debug|Win32
		{BBD7B061-4842-6B46-B6B1-AF847A845B70}.Debug_Static|Win32.ActiveCfg = Debug_Static|Win32
		{BBD7B061-4842-6B46-B6B1-AF847A845B70}.Debug_Static|Win32.Build.0 = Debug_Static|Win32
		{BBD7B061-4842-6B46-B6B1-AF847A845B70}.ReleaseWithSymbols|Win32.ActiveCfg = ReleaseWithSymbols|Win32
		{BBD7B061-4842-6B46-B6B1-AF847A845B70}.ReleaseWithSymbols|Win32.Build.0 = ReleaseWithSymbols|Win32
		{BBD7B061-4842-6B46-B6B1-AF847A845B70}.Release|Win32.ActiveCfg = Release|Win32
		{BBD7B061-4842-6B46-B6B1-AF847A845B70}.Release|Win32.Build.0 = Release|Win32
		{BBD7B061-4842-6B46-B6B1-AF847A845B70}.Release_Static|Win32.ActiveCfg = Release_Static|Win32
		{BBD7B061-4842-6B46-B6B1-AF847A845B70}.Release_Static|Win32.Build.0 = Release_Static|Win32
		{EB81B1ED-D588-EB41-93B9-1683B35B075A}.Debug|Win32.ActiveCfg = Debug|Win32
		{EB81B1ED-D588-EB41-93B9-1683B35B075A}.Debug|Win32.Build.0 = Debug|Win32
		{EB81B1ED-D588-EB41-93B9-1683B35B075A}.Debug_Static|Win32.ActiveCfg = Debug_Static|Win32
		{EB81B1ED-D588-EB41-93B9-1683B35B075A}.Debug_Static|Win32.Build.0 = Debug_Static|Win32
		{EB81B1ED-D588-EB41-93B9-1683B35B075A}.ReleaseWithSymbols|Win32.ActiveCfg = ReleaseWithSymbols|Win32
		{EB81B1ED-D588-EB41-93B9-1683B35B075A}.ReleaseWithSymbols|Win32.Build.0 = ReleaseWithSymbols|Win32
		{EB81B1ED-D588-EB41-93B9-1683B35B075A}.Release|Win32.ActiveCfg = Release|Win32
		{EB81B1ED-D588-EB41-93B9-1683B35B075A}.Release|Win32.Build.0 = Release|Win32
		{EB81B1ED-D588-EB41-93B9-1683B35B075A}.Release_Static|Win32.ActiveCfg = Release_Static|Win32
		{EB81B1ED-D588-EB41-93B9-1683B35B075A}.Release_Static|Win32.Build.0 = Release_Static|Win32
	EndGlobalSection
	GlobalSection(SolutionProperties) = preSolution
		HideSolutionNode = FALSE
	EndGlobalSection
EndGlobal
