Microsoft Visual Studio Solution File, Format Version 10.00
# Visual Studio 2008
Project("{8BC9CEB8-8B4A-11D0-8D11-00A0C91BC942}") = "CEGUIBase", "BaseSystem/CEGUIBase.vcproj", "{D76BF3C8-6B9A-684B-8E4F-89D830C6B9A0}"
	ProjectSection(ProjectDependencies) = postProject
	EndProjectSection
EndProject
Project("{8BC9CEB8-8B4A-11D0-8D11-00A0C91BC942}") = "tolua++", "ScriptingModules/CEGUILua/tolua++/tolua++.vcproj", "{37B37A66-30A3-3840-B26F-C9CE58F95444}"
	ProjectSection(ProjectDependencies) = postProject
	EndProjectSection
EndProject
Project("{8BC9CEB8-8B4A-11D0-8D11-00A0C91BC942}") = "tolua++cegui", "ScriptingModules/CEGUILua/tolua++bin/tolua++cegui.vcproj", "{81788BC3-B02E-A745-B649-15C8045AC0C4}"
	ProjectSection(ProjectDependencies) = postProject
		{37B37A66-30A3-3840-B26F-C9CE58F95444} = {37B37A66-30A3-3840-B26F-C9CE58F95444}
	EndProjectSection
EndProject
Project("{8BC9CEB8-8B4A-11D0-8D11-00A0C91BC942}") = "CEGUILua", "ScriptingModules/CEGUILua/LuaScriptModule/CEGUILua.vcproj", "{49780FE4-5329-4A4A-9C40-4314296EF411}"
	ProjectSection(ProjectDependencies) = postProject
		{D76BF3C8-6B9A-684B-8E4F-89D830C6B9A0} = {D76BF3C8-6B9A-684B-8E4F-89D830C6B9A0}
		{37B37A66-30A3-3840-B26F-C9CE58F95444} = {37B37A66-30A3-3840-B26F-C9CE58F95444}
	EndProjectSection
EndProject
Project("{8BC9CEB8-8B4A-11D0-8D11-00A0C91BC942}") = "CEGUIFalagardWRBase", "WindowRendererSets/Falagard/CEGUIFalagardWRBase.vcproj", "{9A455945-122F-8A4C-9583-B8781331BD00}"
	ProjectSection(ProjectDependencies) = postProject
		{D76BF3C8-6B9A-684B-8E4F-89D830C6B9A0} = {D76BF3C8-6B9A-684B-8E4F-89D830C6B9A0}
	EndProjectSection
EndProject
Project("{8BC9CEB8-8B4A-11D0-8D11-00A0C91BC942}") = "CEGUICoronaImageCodec", "ImageCodecModules/CoronaImageCodec/CEGUICoronaImageCodec.vcproj", "{6AA626D4-F7A0-C140-80F5-10140C6CDD33}"
	ProjectSection(ProjectDependencies) = postProject
		{D76BF3C8-6B9A-684B-8E4F-89D830C6B9A0} = {D76BF3C8-6B9A-684B-8E4F-89D830C6B9A0}
	EndProjectSection
EndProject
Project("{8BC9CEB8-8B4A-11D0-8D11-00A0C91BC942}") = "CEGUIDevILImageCodec", "ImageCodecModules/DevILImageCodec/CEGUIDevILImageCodec.vcproj", "{E46320DE-9306-2C41-940F-2D31A8B5DC83}"
	ProjectSection(ProjectDependencies) = postProject
		{D76BF3C8-6B9A-684B-8E4F-89D830C6B9A0} = {D76BF3C8-6B9A-684B-8E4F-89D830C6B9A0}
	EndProjectSection
EndProject
Project("{8BC9CEB8-8B4A-11D0-8D11-00A0C91BC942}") = "CEGUIFreeImageImageCodec", "ImageCodecModules/FreeImageImageCodec/CEGUIFreeImageImageCodec.vcproj", "{97C2B38D-789F-B64D-BA67-D0F6B778DF42}"
	ProjectSection(ProjectDependencies) = postProject
		{D76BF3C8-6B9A-684B-8E4F-89D830C6B9A0} = {D76BF3C8-6B9A-684B-8E4F-89D830C6B9A0}
	EndProjectSection
EndProject
Project("{8BC9CEB8-8B4A-11D0-8D11-00A0C91BC942}") = "CEGUITGAImageCodec", "ImageCodecModules/TGAImageCodec/CEGUITGAImageCodec.vcproj", "{887B5EAF-E182-754C-B9EC-7CD9621470A6}"
	ProjectSection(ProjectDependencies) = postProject
		{D76BF3C8-6B9A-684B-8E4F-89D830C6B9A0} = {D76BF3C8-6B9A-684B-8E4F-89D830C6B9A0}
	EndProjectSection
EndProject
Project("{8BC9CEB8-8B4A-11D0-8D11-00A0C91BC942}") = "CEGUISILLYImageCodec", "ImageCodecModules/SILLYImageCodec/CEGUISILLYImageCodec.vcproj", "{9BEE7360-6F1B-F64E-9A32-2B8C84BCF9ED}"
	ProjectSection(ProjectDependencies) = postProject
		{D76BF3C8-6B9A-684B-8E4F-89D830C6B9A0} = {D76BF3C8-6B9A-684B-8E4F-89D830C6B9A0}
	EndProjectSection
EndProject
Project("{8BC9CEB8-8B4A-11D0-8D11-00A0C91BC942}") = "CEGUITinyXMLParser", "XMLParserModules/TinyXMLParser/CEGUITinyXMLParser.vcproj", "{FB8B47D0-1A5C-9C40-8AF1-672B6A3FF18F}"
	ProjectSection(ProjectDependencies) = postProject
		{D76BF3C8-6B9A-684B-8E4F-89D830C6B9A0} = {D76BF3C8-6B9A-684B-8E4F-89D830C6B9A0}
	EndProjectSection
EndProject
Project("{8BC9CEB8-8B4A-11D0-8D11-00A0C91BC942}") = "OpenGLGUIRenderer", "RendererModules/OpenGLGUIRenderer/OpenGLGUIRenderer.vcproj", "{F0024367-1751-A341-B590-A571421A13FC}"
	ProjectSection(ProjectDependencies) = postProject
		{D76BF3C8-6B9A-684B-8E4F-89D830C6B9A0} = {D76BF3C8-6B9A-684B-8E4F-89D830C6B9A0}
	EndProjectSection
EndProject
Project("{8BC9CEB8-8B4A-11D0-8D11-00A0C91BC942}") = "DirectX9GUIRenderer", "RendererModules/DirectX9GUIRenderer/DirectX9GUIRenderer.vcproj", "{0823D1DF-1E7E-664C-A990-848939D7A681}"
	ProjectSection(ProjectDependencies) = postProject
		{D76BF3C8-6B9A-684B-8E4F-89D830C6B9A0} = {D76BF3C8-6B9A-684B-8E4F-89D830C6B9A0}
	EndProjectSection
EndProject
Global
	GlobalSection(SolutionConfigurationPlatforms) = preSolution
		Debug|Win32 = Debug|Win32
		Debug_Static|Win32 = Debug_Static|Win32
		ReleaseWithSymbols|Win32 = ReleaseWithSymbols|Win32
		Release|Win32 = Release|Win32
		Release_Static|Win32 = Release_Static|Win32
	EndGlobalSection
	GlobalSection(ProjectConfigurationPlatforms) = postSolution
		{D76BF3C8-6B9A-684B-8E4F-89D830C6B9A0}.Debug|Win32.ActiveCfg = Debug|Win32
		{D76BF3C8-6B9A-684B-8E4F-89D830C6B9A0}.Debug|Win32.Build.0 = Debug|Win32
		{D76BF3C8-6B9A-684B-8E4F-89D830C6B9A0}.Debug_Static|Win32.ActiveCfg = Debug_Static|Win32
		{D76BF3C8-6B9A-684B-8E4F-89D830C6B9A0}.Debug_Static|Win32.Build.0 = Debug_Static|Win32
		{D76BF3C8-6B9A-684B-8E4F-89D830C6B9A0}.ReleaseWithSymbols|Win32.ActiveCfg = ReleaseWithSymbols|Win32
		{D76BF3C8-6B9A-684B-8E4F-89D830C6B9A0}.ReleaseWithSymbols|Win32.Build.0 = ReleaseWithSymbols|Win32
		{D76BF3C8-6B9A-684B-8E4F-89D830C6B9A0}.Release|Win32.ActiveCfg = Release|Win32
		{D76BF3C8-6B9A-684B-8E4F-89D830C6B9A0}.Release|Win32.Build.0 = Release|Win32
		{D76BF3C8-6B9A-684B-8E4F-89D830C6B9A0}.Release_Static|Win32.ActiveCfg = Release_Static|Win32
		{D76BF3C8-6B9A-684B-8E4F-89D830C6B9A0}.Release_Static|Win32.Build.0 = Release_Static|Win32
		{37B37A66-30A3-3840-B26F-C9CE58F95444}.Debug|Win32.ActiveCfg = Debug|Win32
		{37B37A66-30A3-3840-B26F-C9CE58F95444}.Debug|Win32.Build.0 = Debug|Win32
		{37B37A66-30A3-3840-B26F-C9CE58F95444}.Debug_Static|Win32.ActiveCfg = Debug_Static|Win32
		{37B37A66-30A3-3840-B26F-C9CE58F95444}.Debug_Static|Win32.Build.0 = Debug_Static|Win32
		{37B37A66-30A3-3840-B26F-C9CE58F95444}.ReleaseWithSymbols|Win32.ActiveCfg = ReleaseWithSymbols|Win32
		{37B37A66-30A3-3840-B26F-C9CE58F95444}.ReleaseWithSymbols|Win32.Build.0 = ReleaseWithSymbols|Win32
		{37B37A66-30A3-3840-B26F-C9CE58F95444}.Release|Win32.ActiveCfg = Release|Win32
		{37B37A66-30A3-3840-B26F-C9CE58F95444}.Release|Win32.Build.0 = Release|Win32
		{37B37A66-30A3-3840-B26F-C9CE58F95444}.Release_Static|Win32.ActiveCfg = Release_Static|Win32
		{37B37A66-30A3-3840-B26F-C9CE58F95444}.Release_Static|Win32.Build.0 = Release_Static|Win32
		{81788BC3-B02E-A745-B649-15C8045AC0C4}.Debug|Win32.ActiveCfg = Debug|Win32
		{81788BC3-B02E-A745-B649-15C8045AC0C4}.Debug|Win32.Build.0 = Debug|Win32
		{81788BC3-B02E-A745-B649-15C8045AC0C4}.Debug_Static|Win32.ActiveCfg = Debug_Static|Win32
		{81788BC3-B02E-A745-B649-15C8045AC0C4}.Debug_Static|Win32.Build.0 = Debug_Static|Win32
		{81788BC3-B02E-A745-B649-15C8045AC0C4}.ReleaseWithSymbols|Win32.ActiveCfg = ReleaseWithSymbols|Win32
		{81788BC3-B02E-A745-B649-15C8045AC0C4}.ReleaseWithSymbols|Win32.Build.0 = ReleaseWithSymbols|Win32
		{81788BC3-B02E-A745-B649-15C8045AC0C4}.Release|Win32.ActiveCfg = Release|Win32
		{81788BC3-B02E-A745-B649-15C8045AC0C4}.Release|Win32.Build.0 = Release|Win32
		{81788BC3-B02E-A745-B649-15C8045AC0C4}.Release_Static|Win32.ActiveCfg = Release_Static|Win32
		{81788BC3-B02E-A745-B649-15C8045AC0C4}.Release_Static|Win32.Build.0 = Release_Static|Win32
		{49780FE4-5329-4A4A-9C40-4314296EF411}.Debug|Win32.ActiveCfg = Debug|Win32
		{49780FE4-5329-4A4A-9C40-4314296EF411}.Debug|Win32.Build.0 = Debug|Win32
		{49780FE4-5329-4A4A-9C40-4314296EF411}.Debug_Static|Win32.ActiveCfg = Debug_Static|Win32
		{49780FE4-5329-4A4A-9C40-4314296EF411}.Debug_Static|Win32.Build.0 = Debug_Static|Win32
		{49780FE4-5329-4A4A-9C40-4314296EF411}.ReleaseWithSymbols|Win32.ActiveCfg = ReleaseWithSymbols|Win32
		{49780FE4-5329-4A4A-9C40-4314296EF411}.ReleaseWithSymbols|Win32.Build.0 = ReleaseWithSymbols|Win32
		{49780FE4-5329-4A4A-9C40-4314296EF411}.Release|Win32.ActiveCfg = Release|Win32
		{49780FE4-5329-4A4A-9C40-4314296EF411}.Release|Win32.Build.0 = Release|Win32
		{49780FE4-5329-4A4A-9C40-4314296EF411}.Release_Static|Win32.ActiveCfg = Release_Static|Win32
		{49780FE4-5329-4A4A-9C40-4314296EF411}.Release_Static|Win32.Build.0 = Release_Static|Win32
		{9A455945-122F-8A4C-9583-B8781331BD00}.Debug|Win32.ActiveCfg = Debug|Win32
		{9A455945-122F-8A4C-9583-B8781331BD00}.Debug|Win32.Build.0 = Debug|Win32
		{9A455945-122F-8A4C-9583-B8781331BD00}.Debug_Static|Win32.ActiveCfg = Debug_Static|Win32
		{9A455945-122F-8A4C-9583-B8781331BD00}.Debug_Static|Win32.Build.0 = Debug_Static|Win32
		{9A455945-122F-8A4C-9583-B8781331BD00}.ReleaseWithSymbols|Win32.ActiveCfg = ReleaseWithSymbols|Win32
		{9A455945-122F-8A4C-9583-B8781331BD00}.ReleaseWithSymbols|Win32.Build.0 = ReleaseWithSymbols|Win32
		{9A455945-122F-8A4C-9583-B8781331BD00}.Release|Win32.ActiveCfg = Release|Win32
		{9A455945-122F-8A4C-9583-B8781331BD00}.Release|Win32.Build.0 = Release|Win32
		{9A455945-122F-8A4C-9583-B8781331BD00}.Release_Static|Win32.ActiveCfg = Release_Static|Win32
		{9A455945-122F-8A4C-9583-B8781331BD00}.Release_Static|Win32.Build.0 = Release_Static|Win32
		{6AA626D4-F7A0-C140-80F5-10140C6CDD33}.Debug|Win32.ActiveCfg = Debug|Win32
		{6AA626D4-F7A0-C140-80F5-10140C6CDD33}.Debug|Win32.Build.0 = Debug|Win32
		{6AA626D4-F7A0-C140-80F5-10140C6CDD33}.Debug_Static|Win32.ActiveCfg = Debug_Static|Win32
		{6AA626D4-F7A0-C140-80F5-10140C6CDD33}.Debug_Static|Win32.Build.0 = Debug_Static|Win32
		{6AA626D4-F7A0-C140-80F5-10140C6CDD33}.ReleaseWithSymbols|Win32.ActiveCfg = ReleaseWithSymbols|Win32
		{6AA626D4-F7A0-C140-80F5-10140C6CDD33}.ReleaseWithSymbols|Win32.Build.0 = ReleaseWithSymbols|Win32
		{6AA626D4-F7A0-C140-80F5-10140C6CDD33}.Release|Win32.ActiveCfg = Release|Win32
		{6AA626D4-F7A0-C140-80F5-10140C6CDD33}.Release|Win32.Build.0 = Release|Win32
		{6AA626D4-F7A0-C140-80F5-10140C6CDD33}.Release_Static|Win32.ActiveCfg = Release_Static|Win32
		{6AA626D4-F7A0-C140-80F5-10140C6CDD33}.Release_Static|Win32.Build.0 = Release_Static|Win32
		{E46320DE-9306-2C41-940F-2D31A8B5DC83}.Debug|Win32.ActiveCfg = Debug|Win32
		{E46320DE-9306-2C41-940F-2D31A8B5DC83}.Debug|Win32.Build.0 = Debug|Win32
		{E46320DE-9306-2C41-940F-2D31A8B5DC83}.Debug_Static|Win32.ActiveCfg = Debug_Static|Win32
		{E46320DE-9306-2C41-940F-2D31A8B5DC83}.Debug_Static|Win32.Build.0 = Debug_Static|Win32
		{E46320DE-9306-2C41-940F-2D31A8B5DC83}.ReleaseWithSymbols|Win32.ActiveCfg = ReleaseWithSymbols|Win32
		{E46320DE-9306-2C41-940F-2D31A8B5DC83}.ReleaseWithSymbols|Win32.Build.0 = ReleaseWithSymbols|Win32
		{E46320DE-9306-2C41-940F-2D31A8B5DC83}.Release|Win32.ActiveCfg = Release|Win32
		{E46320DE-9306-2C41-940F-2D31A8B5DC83}.Release|Win32.Build.0 = Release|Win32
		{E46320DE-9306-2C41-940F-2D31A8B5DC83}.Release_Static|Win32.ActiveCfg = Release_Static|Win32
		{E46320DE-9306-2C41-940F-2D31A8B5DC83}.Release_Static|Win32.Build.0 = Release_Static|Win32
		{97C2B38D-789F-B64D-BA67-D0F6B778DF42}.Debug|Win32.ActiveCfg = Debug|Win32
		{97C2B38D-789F-B64D-BA67-D0F6B778DF42}.Debug|Win32.Build.0 = Debug|Win32
		{97C2B38D-789F-B64D-BA67-D0F6B778DF42}.Debug_Static|Win32.ActiveCfg = Debug_Static|Win32
		{97C2B38D-789F-B64D-BA67-D0F6B778DF42}.Debug_Static|Win32.Build.0 = Debug_Static|Win32
		{97C2B38D-789F-B64D-BA67-D0F6B778DF42}.ReleaseWithSymbols|Win32.ActiveCfg = ReleaseWithSymbols|Win32
		{97C2B38D-789F-B64D-BA67-D0F6B778DF42}.ReleaseWithSymbols|Win32.Build.0 = ReleaseWithSymbols|Win32
		{97C2B38D-789F-B64D-BA67-D0F6B778DF42}.Release|Win32.ActiveCfg = Release|Win32
		{97C2B38D-789F-B64D-BA67-D0F6B778DF42}.Release|Win32.Build.0 = Release|Win32
		{97C2B38D-789F-B64D-BA67-D0F6B778DF42}.Release_Static|Win32.ActiveCfg = Release_Static|Win32
		{97C2B38D-789F-B64D-BA67-D0F6B778DF42}.Release_Static|Win32.Build.0 = Release_Static|Win32
		{887B5EAF-E182-754C-B9EC-7CD9621470A6}.Debug|Win32.ActiveCfg = Debug|Win32
		{887B5EAF-E182-754C-B9EC-7CD9621470A6}.Debug|Win32.Build.0 = Debug|Win32
		{887B5EAF-E182-754C-B9EC-7CD9621470A6}.Debug_Static|Win32.ActiveCfg = Debug_Static|Win32
		{887B5EAF-E182-754C-B9EC-7CD9621470A6}.Debug_Static|Win32.Build.0 = Debug_Static|Win32
		{887B5EAF-E182-754C-B9EC-7CD9621470A6}.ReleaseWithSymbols|Win32.ActiveCfg = ReleaseWithSymbols|Win32
		{887B5EAF-E182-754C-B9EC-7CD9621470A6}.ReleaseWithSymbols|Win32.Build.0 = ReleaseWithSymbols|Win32
		{887B5EAF-E182-754C-B9EC-7CD9621470A6}.Release|Win32.ActiveCfg = Release|Win32
		{887B5EAF-E182-754C-B9EC-7CD9621470A6}.Release|Win32.Build.0 = Release|Win32
		{887B5EAF-E182-754C-B9EC-7CD9621470A6}.Release_Static|Win32.ActiveCfg = Release_Static|Win32
		{887B5EAF-E182-754C-B9EC-7CD9621470A6}.Release_Static|Win32.Build.0 = Release_Static|Win32
		{9BEE7360-6F1B-F64E-9A32-2B8C84BCF9ED}.Debug|Win32.ActiveCfg = Debug|Win32
		{9BEE7360-6F1B-F64E-9A32-2B8C84BCF9ED}.Debug|Win32.Build.0 = Debug|Win32
		{9BEE7360-6F1B-F64E-9A32-2B8C84BCF9ED}.Debug_Static|Win32.ActiveCfg = Debug_Static|Win32
		{9BEE7360-6F1B-F64E-9A32-2B8C84BCF9ED}.Debug_Static|Win32.Build.0 = Debug_Static|Win32
		{9BEE7360-6F1B-F64E-9A32-2B8C84BCF9ED}.ReleaseWithSymbols|Win32.ActiveCfg = ReleaseWithSymbols|Win32
		{9BEE7360-6F1B-F64E-9A32-2B8C84BCF9ED}.ReleaseWithSymbols|Win32.Build.0 = ReleaseWithSymbols|Win32
		{9BEE7360-6F1B-F64E-9A32-2B8C84BCF9ED}.Release|Win32.ActiveCfg = Release|Win32
		{9BEE7360-6F1B-F64E-9A32-2B8C84BCF9ED}.Release|Win32.Build.0 = Release|Win32
		{9BEE7360-6F1B-F64E-9A32-2B8C84BCF9ED}.Release_Static|Win32.ActiveCfg = Release_Static|Win32
		{9BEE7360-6F1B-F64E-9A32-2B8C84BCF9ED}.Release_Static|Win32.Build.0 = Release_Static|Win32
		{FB8B47D0-1A5C-9C40-8AF1-672B6A3FF18F}.Debug|Win32.ActiveCfg = Debug|Win32
		{FB8B47D0-1A5C-9C40-8AF1-672B6A3FF18F}.Debug|Win32.Build.0 = Debug|Win32
		{FB8B47D0-1A5C-9C40-8AF1-672B6A3FF18F}.Debug_Static|Win32.ActiveCfg = Debug_Static|Win32
		{FB8B47D0-1A5C-9C40-8AF1-672B6A3FF18F}.Debug_Static|Win32.Build.0 = Debug_Static|Win32
		{FB8B47D0-1A5C-9C40-8AF1-672B6A3FF18F}.ReleaseWithSymbols|Win32.ActiveCfg = ReleaseWithSymbols|Win32
		{FB8B47D0-1A5C-9C40-8AF1-672B6A3FF18F}.ReleaseWithSymbols|Win32.Build.0 = ReleaseWithSymbols|Win32
		{FB8B47D0-1A5C-9C40-8AF1-672B6A3FF18F}.Release|Win32.ActiveCfg = Release|Win32
		{FB8B47D0-1A5C-9C40-8AF1-672B6A3FF18F}.Release|Win32.Build.0 = Release|Win32
		{FB8B47D0-1A5C-9C40-8AF1-672B6A3FF18F}.Release_Static|Win32.ActiveCfg = Release_Static|Win32
		{FB8B47D0-1A5C-9C40-8AF1-672B6A3FF18F}.Release_Static|Win32.Build.0 = Release_Static|Win32
		{F0024367-1751-A341-B590-A571421A13FC}.Debug|Win32.ActiveCfg = Debug|Win32
		{F0024367-1751-A341-B590-A571421A13FC}.Debug|Win32.Build.0 = Debug|Win32
		{F0024367-1751-A341-B590-A571421A13FC}.Debug_Static|Win32.ActiveCfg = Debug_Static|Win32
		{F0024367-1751-A341-B590-A571421A13FC}.Debug_Static|Win32.Build.0 = Debug_Static|Win32
		{F0024367-1751-A341-B590-A571421A13FC}.ReleaseWithSymbols|Win32.ActiveCfg = ReleaseWithSymbols|Win32
		{F0024367-1751-A341-B590-A571421A13FC}.ReleaseWithSymbols|Win32.Build.0 = ReleaseWithSymbols|Win32
		{F0024367-1751-A341-B590-A571421A13FC}.Release|Win32.ActiveCfg = Release|Win32
		{F0024367-1751-A341-B590-A571421A13FC}.Release|Win32.Build.0 = Release|Win32
		{F0024367-1751-A341-B590-A571421A13FC}.Release_Static|Win32.ActiveCfg = Release_Static|Win32
		{F0024367-1751-A341-B590-A571421A13FC}.Release_Static|Win32.Build.0 = Release_Static|Win32
		{0823D1DF-1E7E-664C-A990-848939D7A681}.Debug|Win32.ActiveCfg = Debug|Win32
		{0823D1DF-1E7E-664C-A990-848939D7A681}.Debug|Win32.Build.0 = Debug|Win32
		{0823D1DF-1E7E-664C-A990-848939D7A681}.Debug_Static|Win32.ActiveCfg = Debug_Static|Win32
		{0823D1DF-1E7E-664C-A990-848939D7A681}.Debug_Static|Win32.Build.0 = Debug_Static|Win32
		{0823D1DF-1E7E-664C-A990-848939D7A681}.ReleaseWithSymbols|Win32.ActiveCfg = ReleaseWithSymbols|Win32
		{0823D1DF-1E7E-664C-A990-848939D7A681}.ReleaseWithSymbols|Win32.Build.0 = ReleaseWithSymbols|Win32
		{0823D1DF-1E7E-664C-A990-848939D7A681}.Release|Win32.ActiveCfg = Release|Win32
		{0823D1DF-1E7E-664C-A990-848939D7A681}.Release|Win32.Build.0 = Release|Win32
		{0823D1DF-1E7E-664C-A990-848939D7A681}.Release_Static|Win32.ActiveCfg = Release_Static|Win32
		{0823D1DF-1E7E-664C-A990-848939D7A681}.Release_Static|Win32.Build.0 = Release_Static|Win32
	EndGlobalSection
	GlobalSection(SolutionProperties) = preSolution
		HideSolutionNode = FALSE
	EndGlobalSection
EndGlobal
