
Microsoft Visual Studio Solution File, Format Version 10.00
# Visual Studio 2008
Project("{2150E333-8FDC-42A3-9474-1A3956D46DE8}") = "Debugger Tools", "Debugger Tools", "{73856D08-B7B7-494B-85A6-06662EB4727B}"
EndProject
Project("{2150E333-8FDC-42A3-9474-1A3956D46DE8}") = "Dependencies", "Dependencies", "{4DD4B08F-37B0-4A3D-B800-7DF007556D7E}"
EndProject
Project("{2150E333-8FDC-42A3-9474-1A3956D46DE8}") = "CEGUI", "CEGUI", "{87CD788A-CA2C-41FC-A480-593DF03A8631}"
EndProject
Project("{8BC9CEB8-8B4A-11D0-8D11-00A0C91BC942}") = "OblivionOnline", "OblivionOnline.vcproj", "{D4DDA734-7E93-4581-8F82-32BB738F69FE}"
	ProjectSection(ProjectDependencies) = postProject
		{C725220D-F8C5-4F4A-AC26-AFDA6F7608EB} = {C725220D-F8C5-4F4A-AC26-AFDA6F7608EB}
		{D398CA15-23DF-4207-9A4B-539BC8C8DFEC} = {D398CA15-23DF-4207-9A4B-539BC8C8DFEC}
		{4301571F-29A7-124D-81EC-BAEBD76D1C5D} = {4301571F-29A7-124D-81EC-BAEBD76D1C5D}
		{169F662B-7A48-754B-8D47-9CC35D82CDED} = {169F662B-7A48-754B-8D47-9CC35D82CDED}
		{6A707138-61F7-354E-803E-580F4B93EBB2} = {6A707138-61F7-354E-803E-580F4B93EBB2}
		{0FE12249-B875-4F60-B266-C5E403533802} = {0FE12249-B875-4F60-B266-C5E403533802}
		{9EBB914E-CD46-6244-8299-D7CA00A17506} = {9EBB914E-CD46-6244-8299-D7CA00A17506}
		{8CEC5F60-CA13-43B5-9F6F-7A548EFA09C4} = {8CEC5F60-CA13-43B5-9F6F-7A548EFA09C4}
		{1D07078F-B2B5-C04D-A124-7C6BCA72EE51} = {1D07078F-B2B5-C04D-A124-7C6BCA72EE51}
		{97B0EF93-19F6-4B03-A460-2BA11F38E13D} = {97B0EF93-19F6-4B03-A460-2BA11F38E13D}
		{78B079BD-9FC7-4B9E-B4A6-96DA0F00248B} = {78B079BD-9FC7-4B9E-B4A6-96DA0F00248B}
		{159D47CB-47E1-A04F-A493-56F52DBBF834} = {159D47CB-47E1-A04F-A493-56F52DBBF834}
		{A7802AE4-E88D-4A41-BA01-885A877686CC} = {A7802AE4-E88D-4A41-BA01-885A877686CC}
		{423051EE-D7F3-4C45-9FA5-269931AF5D55} = {423051EE-D7F3-4C45-9FA5-269931AF5D55}
	EndProjectSection
EndProject
Project("{8BC9CEB8-8B4A-11D0-8D11-00A0C91BC942}") = "common", "..\common\common.vcproj", "{20C6411C-596F-4B85-BE4E-8BC91F59D8A6}"
EndProject
Project("{54435603-DBB4-11D2-8724-00A0C9A8B90C}") = "Setup", "..\Setup\Setup.vdproj", "{5F7C8062-9DC2-4367-997F-A914B5EA4073}"
EndProject
Project("{8BC9CEB8-8B4A-11D0-8D11-00A0C91BC942}") = "OblivionOnlineServer", "..\OblivionOnlineServer\OblivionOnlineServer.vcproj", "{9CEB2A39-13F4-499A-995C-2077F44177DF}"
	ProjectSection(ProjectDependencies) = postProject
		{97B0EF93-19F6-4B03-A460-2BA11F38E13D} = {97B0EF93-19F6-4B03-A460-2BA11F38E13D}
	EndProjectSection
EndProject
Project("{8BC9CEB8-8B4A-11D0-8D11-00A0C91BC942}") = "CEGUIBase", "..\CEGUI\makefiles\premake\BaseSystem\CEGUIBase.vcproj", "{9EBB914E-CD46-6244-8299-D7CA00A17506}"
	ProjectSection(ProjectDependencies) = postProject
		{0FE12249-B875-4F60-B266-C5E403533802} = {0FE12249-B875-4F60-B266-C5E403533802}
		{78B079BD-9FC7-4B9E-B4A6-96DA0F00248B} = {78B079BD-9FC7-4B9E-B4A6-96DA0F00248B}
		{A7802AE4-E88D-4A41-BA01-885A877686CC} = {A7802AE4-E88D-4A41-BA01-885A877686CC}
	EndProjectSection
EndProject
Project("{8BC9CEB8-8B4A-11D0-8D11-00A0C91BC942}") = "CEGUISILLYImageCodec", "..\CEGUI\makefiles\premake\ImageCodecModules\SILLYImageCodec\CEGUISILLYImageCodec.vcproj", "{159D47CB-47E1-A04F-A493-56F52DBBF834}"
EndProject
Project("{8BC9CEB8-8B4A-11D0-8D11-00A0C91BC942}") = "DirectX9GUIRenderer", "..\CEGUI\makefiles\premake\RendererModules\DirectX9GUIRenderer\DirectX9GUIRenderer.vcproj", "{169F662B-7A48-754B-8D47-9CC35D82CDED}"
EndProject
Project("{8BC9CEB8-8B4A-11D0-8D11-00A0C91BC942}") = "CEGUILua", "..\CEGUI\makefiles\premake\ScriptingModules\CEGUILua\LuaScriptModule\CEGUILua.vcproj", "{C725220D-F8C5-4F4A-AC26-AFDA6F7608EB}"
	ProjectSection(ProjectDependencies) = postProject
		{9EBB914E-CD46-6244-8299-D7CA00A17506} = {9EBB914E-CD46-6244-8299-D7CA00A17506}
		{1D07078F-B2B5-C04D-A124-7C6BCA72EE51} = {1D07078F-B2B5-C04D-A124-7C6BCA72EE51}
	EndProjectSection
EndProject
Project("{8BC9CEB8-8B4A-11D0-8D11-00A0C91BC942}") = "tolua++", "..\CEGUI\makefiles\premake\ScriptingModules\CEGUILua\tolua++\tolua++.vcproj", "{1D07078F-B2B5-C04D-A124-7C6BCA72EE51}"
EndProject
Project("{8BC9CEB8-8B4A-11D0-8D11-00A0C91BC942}") = "CEGUIFalagardWRBase", "..\CEGUI\makefiles\premake\WindowRendererSets\Falagard\CEGUIFalagardWRBase.vcproj", "{4301571F-29A7-124D-81EC-BAEBD76D1C5D}"
	ProjectSection(ProjectDependencies) = postProject
		{9EBB914E-CD46-6244-8299-D7CA00A17506} = {9EBB914E-CD46-6244-8299-D7CA00A17506}
	EndProjectSection
EndProject
Project("{8BC9CEB8-8B4A-11D0-8D11-00A0C91BC942}") = "CEGUITinyXMLParser", "..\CEGUI\makefiles\premake\XMLParserModules\TinyXMLParser\CEGUITinyXMLParser.vcproj", "{6A707138-61F7-354E-803E-580F4B93EBB2}"
EndProject
Project("{8BC9CEB8-8B4A-11D0-8D11-00A0C91BC942}") = "freetype", "..\CEGUI\freetype\freetype-2.3.5\builds\win32\visualc\freetype.vcproj", "{78B079BD-9FC7-4B9E-B4A6-96DA0F00248B}"
EndProject
Project("{8BC9CEB8-8B4A-11D0-8D11-00A0C91BC942}") = "pcre7", "..\CEGUI\freetype\pcre7\pcre-7.0-src\pcre7.vcproj", "{0FE12249-B875-4F60-B266-C5E403533802}"
EndProject
Project("{8BC9CEB8-8B4A-11D0-8D11-00A0C91BC942}") = "zlibstat", "..\CEGUI\freetype\zlib-1.2.3\contrib\vstudio\vc7\zlibstat.vcproj", "{A7802AE4-E88D-4A41-BA01-885A877686CC}"
EndProject
Project("{8BC9CEB8-8B4A-11D0-8D11-00A0C91BC942}") = "Lua", "..\Lua\Lua.vcproj", "{8CEC5F60-CA13-43B5-9F6F-7A548EFA09C4}"
EndProject
Project("{8BC9CEB8-8B4A-11D0-8D11-00A0C91BC942}") = "curllib", "..\curl\curl-7.18.2\lib\curllib.vcproj", "{D398CA15-23DF-4207-9A4B-539BC8C8DFEC}"
EndProject
Project("{8BC9CEB8-8B4A-11D0-8D11-00A0C91BC942}") = "OOFilesystem", "..\OOFilesystem\OOFilesystem.vcproj", "{423051EE-D7F3-4C45-9FA5-269931AF5D55}"
EndProject
Project("{8BC9CEB8-8B4A-11D0-8D11-00A0C91BC942}") = "OOCommon", "..\OOCommon\OOCommon.vcproj", "{97B0EF93-19F6-4B03-A460-2BA11F38E13D}"
EndProject
Project("{8BC9CEB8-8B4A-11D0-8D11-00A0C91BC942}") = "PluginSample", "..\PluginSample\PluginSample.vcproj", "{A69D3D23-679D-4472-8312-2D9D0FCDC185}"
EndProject
Global
	GlobalSection(SolutionConfigurationPlatforms) = preSolution
		Debug_Static|Any CPU = Debug_Static|Any CPU
		Debug_Static|Mixed Platforms = Debug_Static|Mixed Platforms
		Debug_Static|Win32 = Debug_Static|Win32
		Debug|Any CPU = Debug|Any CPU
		Debug|Mixed Platforms = Debug|Mixed Platforms
		Debug|Win32 = Debug|Win32
		Release_debug|Any CPU = Release_debug|Any CPU
		Release_debug|Mixed Platforms = Release_debug|Mixed Platforms
		Release_debug|Win32 = Release_debug|Win32
		Release|Any CPU = Release|Any CPU
		Release|Mixed Platforms = Release|Mixed Platforms
		Release|Win32 = Release|Win32
	EndGlobalSection
	GlobalSection(ProjectConfigurationPlatforms) = postSolution
		{D4DDA734-7E93-4581-8F82-32BB738F69FE}.Debug_Static|Any CPU.ActiveCfg = Debug|Win32
		{D4DDA734-7E93-4581-8F82-32BB738F69FE}.Debug_Static|Any CPU.Build.0 = Debug|Win32
		{D4DDA734-7E93-4581-8F82-32BB738F69FE}.Debug_Static|Mixed Platforms.ActiveCfg = Debug|Win32
		{D4DDA734-7E93-4581-8F82-32BB738F69FE}.Debug_Static|Mixed Platforms.Build.0 = Debug|Win32
		{D4DDA734-7E93-4581-8F82-32BB738F69FE}.Debug_Static|Win32.ActiveCfg = Debug|Win32
		{D4DDA734-7E93-4581-8F82-32BB738F69FE}.Debug_Static|Win32.Build.0 = Debug|Win32
		{D4DDA734-7E93-4581-8F82-32BB738F69FE}.Debug|Any CPU.ActiveCfg = Debug|Win32
		{D4DDA734-7E93-4581-8F82-32BB738F69FE}.Debug|Mixed Platforms.ActiveCfg = Debug|Win32
		{D4DDA734-7E93-4581-8F82-32BB738F69FE}.Debug|Mixed Platforms.Build.0 = Debug|Win32
		{D4DDA734-7E93-4581-8F82-32BB738F69FE}.Debug|Win32.ActiveCfg = Debug|Win32
		{D4DDA734-7E93-4581-8F82-32BB738F69FE}.Debug|Win32.Build.0 = Debug|Win32
		{D4DDA734-7E93-4581-8F82-32BB738F69FE}.Release_debug|Any CPU.ActiveCfg = Release_debug|Win32
		{D4DDA734-7E93-4581-8F82-32BB738F69FE}.Release_debug|Any CPU.Build.0 = Release_debug|Win32
		{D4DDA734-7E93-4581-8F82-32BB738F69FE}.Release_debug|Mixed Platforms.ActiveCfg = Release_debug|Win32
		{D4DDA734-7E93-4581-8F82-32BB738F69FE}.Release_debug|Mixed Platforms.Build.0 = Release_debug|Win32
		{D4DDA734-7E93-4581-8F82-32BB738F69FE}.Release_debug|Win32.ActiveCfg = Release_debug|Win32
		{D4DDA734-7E93-4581-8F82-32BB738F69FE}.Release_debug|Win32.Build.0 = Release_debug|Win32
		{D4DDA734-7E93-4581-8F82-32BB738F69FE}.Release|Any CPU.ActiveCfg = Release|Win32
		{D4DDA734-7E93-4581-8F82-32BB738F69FE}.Release|Any CPU.Build.0 = Release|Win32
		{D4DDA734-7E93-4581-8F82-32BB738F69FE}.Release|Mixed Platforms.ActiveCfg = Release|Win32
		{D4DDA734-7E93-4581-8F82-32BB738F69FE}.Release|Mixed Platforms.Build.0 = Release|Win32
		{D4DDA734-7E93-4581-8F82-32BB738F69FE}.Release|Win32.ActiveCfg = Release|Win32
		{D4DDA734-7E93-4581-8F82-32BB738F69FE}.Release|Win32.Build.0 = Release|Win32
		{20C6411C-596F-4B85-BE4E-8BC91F59D8A6}.Debug_Static|Any CPU.ActiveCfg = Debug|Win32
		{20C6411C-596F-4B85-BE4E-8BC91F59D8A6}.Debug_Static|Any CPU.Build.0 = Debug|Win32
		{20C6411C-596F-4B85-BE4E-8BC91F59D8A6}.Debug_Static|Mixed Platforms.ActiveCfg = Debug|Win32
		{20C6411C-596F-4B85-BE4E-8BC91F59D8A6}.Debug_Static|Mixed Platforms.Build.0 = Debug|Win32
		{20C6411C-596F-4B85-BE4E-8BC91F59D8A6}.Debug_Static|Win32.ActiveCfg = Debug|Win32
		{20C6411C-596F-4B85-BE4E-8BC91F59D8A6}.Debug_Static|Win32.Build.0 = Debug|Win32
		{20C6411C-596F-4B85-BE4E-8BC91F59D8A6}.Debug|Any CPU.ActiveCfg = Debug|Win32
		{20C6411C-596F-4B85-BE4E-8BC91F59D8A6}.Debug|Mixed Platforms.ActiveCfg = Debug|Win32
		{20C6411C-596F-4B85-BE4E-8BC91F59D8A6}.Debug|Mixed Platforms.Build.0 = Debug|Win32
		{20C6411C-596F-4B85-BE4E-8BC91F59D8A6}.Debug|Win32.ActiveCfg = Debug|Win32
		{20C6411C-596F-4B85-BE4E-8BC91F59D8A6}.Debug|Win32.Build.0 = Debug|Win32
		{20C6411C-596F-4B85-BE4E-8BC91F59D8A6}.Release_debug|Any CPU.ActiveCfg = Release|Win32
		{20C6411C-596F-4B85-BE4E-8BC91F59D8A6}.Release_debug|Any CPU.Build.0 = Release|Win32
		{20C6411C-596F-4B85-BE4E-8BC91F59D8A6}.Release_debug|Mixed Platforms.ActiveCfg = Debug|Win32
		{20C6411C-596F-4B85-BE4E-8BC91F59D8A6}.Release_debug|Mixed Platforms.Build.0 = Debug|Win32
		{20C6411C-596F-4B85-BE4E-8BC91F59D8A6}.Release_debug|Win32.ActiveCfg = Release|Win32
		{20C6411C-596F-4B85-BE4E-8BC91F59D8A6}.Release_debug|Win32.Build.0 = Release|Win32
		{20C6411C-596F-4B85-BE4E-8BC91F59D8A6}.Release|Any CPU.ActiveCfg = Release|Win32
		{20C6411C-596F-4B85-BE4E-8BC91F59D8A6}.Release|Any CPU.Build.0 = Release|Win32
		{20C6411C-596F-4B85-BE4E-8BC91F59D8A6}.Release|Mixed Platforms.ActiveCfg = Release|Win32
		{20C6411C-596F-4B85-BE4E-8BC91F59D8A6}.Release|Mixed Platforms.Build.0 = Release|Win32
		{20C6411C-596F-4B85-BE4E-8BC91F59D8A6}.Release|Win32.ActiveCfg = Release|Win32
		{20C6411C-596F-4B85-BE4E-8BC91F59D8A6}.Release|Win32.Build.0 = Release|Win32
		{5F7C8062-9DC2-4367-997F-A914B5EA4073}.Debug_Static|Any CPU.ActiveCfg = Debug
		{5F7C8062-9DC2-4367-997F-A914B5EA4073}.Debug_Static|Mixed Platforms.ActiveCfg = Debug
		{5F7C8062-9DC2-4367-997F-A914B5EA4073}.Debug_Static|Win32.ActiveCfg = Debug
		{5F7C8062-9DC2-4367-997F-A914B5EA4073}.Debug|Any CPU.ActiveCfg = Debug
		{5F7C8062-9DC2-4367-997F-A914B5EA4073}.Debug|Mixed Platforms.ActiveCfg = Debug
		{5F7C8062-9DC2-4367-997F-A914B5EA4073}.Debug|Mixed Platforms.Build.0 = Debug
		{5F7C8062-9DC2-4367-997F-A914B5EA4073}.Debug|Win32.ActiveCfg = Debug
		{5F7C8062-9DC2-4367-997F-A914B5EA4073}.Debug|Win32.Build.0 = Debug
		{5F7C8062-9DC2-4367-997F-A914B5EA4073}.Release_debug|Any CPU.ActiveCfg = Release
		{5F7C8062-9DC2-4367-997F-A914B5EA4073}.Release_debug|Mixed Platforms.ActiveCfg = Release
		{5F7C8062-9DC2-4367-997F-A914B5EA4073}.Release_debug|Win32.ActiveCfg = Release
		{5F7C8062-9DC2-4367-997F-A914B5EA4073}.Release|Any CPU.ActiveCfg = Release
		{5F7C8062-9DC2-4367-997F-A914B5EA4073}.Release|Mixed Platforms.ActiveCfg = Release
		{5F7C8062-9DC2-4367-997F-A914B5EA4073}.Release|Win32.ActiveCfg = Release
		{9CEB2A39-13F4-499A-995C-2077F44177DF}.Debug_Static|Any CPU.ActiveCfg = Debug|Win32
		{9CEB2A39-13F4-499A-995C-2077F44177DF}.Debug_Static|Any CPU.Build.0 = Debug|Win32
		{9CEB2A39-13F4-499A-995C-2077F44177DF}.Debug_Static|Mixed Platforms.ActiveCfg = Debug|Win32
		{9CEB2A39-13F4-499A-995C-2077F44177DF}.Debug_Static|Mixed Platforms.Build.0 = Debug|Win32
		{9CEB2A39-13F4-499A-995C-2077F44177DF}.Debug_Static|Win32.ActiveCfg = Debug|Win32
		{9CEB2A39-13F4-499A-995C-2077F44177DF}.Debug_Static|Win32.Build.0 = Debug|Win32
		{9CEB2A39-13F4-499A-995C-2077F44177DF}.Debug|Any CPU.ActiveCfg = Debug|Win32
		{9CEB2A39-13F4-499A-995C-2077F44177DF}.Debug|Mixed Platforms.ActiveCfg = Debug|Win32
		{9CEB2A39-13F4-499A-995C-2077F44177DF}.Debug|Mixed Platforms.Build.0 = Debug|Win32
		{9CEB2A39-13F4-499A-995C-2077F44177DF}.Debug|Win32.ActiveCfg = Debug|Win32
		{9CEB2A39-13F4-499A-995C-2077F44177DF}.Debug|Win32.Build.0 = Debug|Win32
		{9CEB2A39-13F4-499A-995C-2077F44177DF}.Release_debug|Any CPU.ActiveCfg = Release|Win32
		{9CEB2A39-13F4-499A-995C-2077F44177DF}.Release_debug|Any CPU.Build.0 = Release|Win32
		{9CEB2A39-13F4-499A-995C-2077F44177DF}.Release_debug|Mixed Platforms.ActiveCfg = Debug|Win32
		{9CEB2A39-13F4-499A-995C-2077F44177DF}.Release_debug|Mixed Platforms.Build.0 = Debug|Win32
		{9CEB2A39-13F4-499A-995C-2077F44177DF}.Release_debug|Win32.ActiveCfg = Debug|Win32
		{9CEB2A39-13F4-499A-995C-2077F44177DF}.Release_debug|Win32.Build.0 = Debug|Win32
		{9CEB2A39-13F4-499A-995C-2077F44177DF}.Release|Any CPU.ActiveCfg = Release|Win32
		{9CEB2A39-13F4-499A-995C-2077F44177DF}.Release|Any CPU.Build.0 = Release|Win32
		{9CEB2A39-13F4-499A-995C-2077F44177DF}.Release|Mixed Platforms.ActiveCfg = Release|Win32
		{9CEB2A39-13F4-499A-995C-2077F44177DF}.Release|Mixed Platforms.Build.0 = Release|Win32
		{9CEB2A39-13F4-499A-995C-2077F44177DF}.Release|Win32.ActiveCfg = Release|Win32
		{9CEB2A39-13F4-499A-995C-2077F44177DF}.Release|Win32.Build.0 = Release|Win32
		{9EBB914E-CD46-6244-8299-D7CA00A17506}.Debug_Static|Any CPU.ActiveCfg = Debug_Static|Win32
		{9EBB914E-CD46-6244-8299-D7CA00A17506}.Debug_Static|Any CPU.Build.0 = Debug_Static|Win32
		{9EBB914E-CD46-6244-8299-D7CA00A17506}.Debug_Static|Mixed Platforms.ActiveCfg = Debug_Static|Win32
		{9EBB914E-CD46-6244-8299-D7CA00A17506}.Debug_Static|Mixed Platforms.Build.0 = Debug_Static|Win32
		{9EBB914E-CD46-6244-8299-D7CA00A17506}.Debug_Static|Win32.ActiveCfg = Debug_Static|Win32
		{9EBB914E-CD46-6244-8299-D7CA00A17506}.Debug_Static|Win32.Build.0 = Debug_Static|Win32
		{9EBB914E-CD46-6244-8299-D7CA00A17506}.Debug|Any CPU.ActiveCfg = Debug|Win32
		{9EBB914E-CD46-6244-8299-D7CA00A17506}.Debug|Mixed Platforms.ActiveCfg = Debug|Win32
		{9EBB914E-CD46-6244-8299-D7CA00A17506}.Debug|Mixed Platforms.Build.0 = Debug|Win32
		{9EBB914E-CD46-6244-8299-D7CA00A17506}.Debug|Win32.ActiveCfg = Debug|Win32
		{9EBB914E-CD46-6244-8299-D7CA00A17506}.Debug|Win32.Build.0 = Debug|Win32
		{9EBB914E-CD46-6244-8299-D7CA00A17506}.Release_debug|Any CPU.ActiveCfg = Release_Static|Win32
		{9EBB914E-CD46-6244-8299-D7CA00A17506}.Release_debug|Any CPU.Build.0 = Release_Static|Win32
		{9EBB914E-CD46-6244-8299-D7CA00A17506}.Release_debug|Mixed Platforms.ActiveCfg = Debug_Static|Win32
		{9EBB914E-CD46-6244-8299-D7CA00A17506}.Release_debug|Mixed Platforms.Build.0 = Debug_Static|Win32
		{9EBB914E-CD46-6244-8299-D7CA00A17506}.Release_debug|Win32.ActiveCfg = Release_Static|Win32
		{9EBB914E-CD46-6244-8299-D7CA00A17506}.Release_debug|Win32.Build.0 = Release_Static|Win32
		{9EBB914E-CD46-6244-8299-D7CA00A17506}.Release|Any CPU.ActiveCfg = Release_Static|Win32
		{9EBB914E-CD46-6244-8299-D7CA00A17506}.Release|Any CPU.Build.0 = Release_Static|Win32
		{9EBB914E-CD46-6244-8299-D7CA00A17506}.Release|Mixed Platforms.ActiveCfg = Release_Static|Win32
		{9EBB914E-CD46-6244-8299-D7CA00A17506}.Release|Mixed Platforms.Build.0 = Release_Static|Win32
		{9EBB914E-CD46-6244-8299-D7CA00A17506}.Release|Win32.ActiveCfg = Release_Static|Win32
		{9EBB914E-CD46-6244-8299-D7CA00A17506}.Release|Win32.Build.0 = Release_Static|Win32
		{159D47CB-47E1-A04F-A493-56F52DBBF834}.Debug_Static|Any CPU.ActiveCfg = Debug_Static|Win32
		{159D47CB-47E1-A04F-A493-56F52DBBF834}.Debug_Static|Any CPU.Build.0 = Debug_Static|Win32
		{159D47CB-47E1-A04F-A493-56F52DBBF834}.Debug_Static|Mixed Platforms.ActiveCfg = Debug_Static|Win32
		{159D47CB-47E1-A04F-A493-56F52DBBF834}.Debug_Static|Mixed Platforms.Build.0 = Debug_Static|Win32
		{159D47CB-47E1-A04F-A493-56F52DBBF834}.Debug_Static|Win32.ActiveCfg = Debug_Static|Win32
		{159D47CB-47E1-A04F-A493-56F52DBBF834}.Debug_Static|Win32.Build.0 = Debug_Static|Win32
		{159D47CB-47E1-A04F-A493-56F52DBBF834}.Debug|Any CPU.ActiveCfg = Debug|Win32
		{159D47CB-47E1-A04F-A493-56F52DBBF834}.Debug|Mixed Platforms.ActiveCfg = Debug|Win32
		{159D47CB-47E1-A04F-A493-56F52DBBF834}.Debug|Mixed Platforms.Build.0 = Debug|Win32
		{159D47CB-47E1-A04F-A493-56F52DBBF834}.Debug|Win32.ActiveCfg = Debug|Win32
		{159D47CB-47E1-A04F-A493-56F52DBBF834}.Debug|Win32.Build.0 = Debug|Win32
		{159D47CB-47E1-A04F-A493-56F52DBBF834}.Release_debug|Any CPU.ActiveCfg = Release_Static|Win32
		{159D47CB-47E1-A04F-A493-56F52DBBF834}.Release_debug|Any CPU.Build.0 = Release_Static|Win32
		{159D47CB-47E1-A04F-A493-56F52DBBF834}.Release_debug|Mixed Platforms.ActiveCfg = Debug_Static|Win32
		{159D47CB-47E1-A04F-A493-56F52DBBF834}.Release_debug|Mixed Platforms.Build.0 = Debug_Static|Win32
		{159D47CB-47E1-A04F-A493-56F52DBBF834}.Release_debug|Win32.ActiveCfg = Release_Static|Win32
		{159D47CB-47E1-A04F-A493-56F52DBBF834}.Release_debug|Win32.Build.0 = Release_Static|Win32
		{159D47CB-47E1-A04F-A493-56F52DBBF834}.Release|Any CPU.ActiveCfg = Release_Static|Win32
		{159D47CB-47E1-A04F-A493-56F52DBBF834}.Release|Any CPU.Build.0 = Release_Static|Win32
		{159D47CB-47E1-A04F-A493-56F52DBBF834}.Release|Mixed Platforms.ActiveCfg = Release_Static|Win32
		{159D47CB-47E1-A04F-A493-56F52DBBF834}.Release|Mixed Platforms.Build.0 = Release_Static|Win32
		{159D47CB-47E1-A04F-A493-56F52DBBF834}.Release|Win32.ActiveCfg = Release_Static|Win32
		{159D47CB-47E1-A04F-A493-56F52DBBF834}.Release|Win32.Build.0 = Release_Static|Win32
		{169F662B-7A48-754B-8D47-9CC35D82CDED}.Debug_Static|Any CPU.ActiveCfg = Debug_Static|Win32
		{169F662B-7A48-754B-8D47-9CC35D82CDED}.Debug_Static|Any CPU.Build.0 = Debug_Static|Win32
		{169F662B-7A48-754B-8D47-9CC35D82CDED}.Debug_Static|Mixed Platforms.ActiveCfg = Debug_Static|Win32
		{169F662B-7A48-754B-8D47-9CC35D82CDED}.Debug_Static|Mixed Platforms.Build.0 = Debug_Static|Win32
		{169F662B-7A48-754B-8D47-9CC35D82CDED}.Debug_Static|Win32.ActiveCfg = Debug_Static|Win32
		{169F662B-7A48-754B-8D47-9CC35D82CDED}.Debug_Static|Win32.Build.0 = Debug_Static|Win32
		{169F662B-7A48-754B-8D47-9CC35D82CDED}.Debug|Any CPU.ActiveCfg = Debug|Win32
		{169F662B-7A48-754B-8D47-9CC35D82CDED}.Debug|Mixed Platforms.ActiveCfg = Debug|Win32
		{169F662B-7A48-754B-8D47-9CC35D82CDED}.Debug|Mixed Platforms.Build.0 = Debug|Win32
		{169F662B-7A48-754B-8D47-9CC35D82CDED}.Debug|Win32.ActiveCfg = Debug|Win32
		{169F662B-7A48-754B-8D47-9CC35D82CDED}.Debug|Win32.Build.0 = Debug|Win32
		{169F662B-7A48-754B-8D47-9CC35D82CDED}.Release_debug|Any CPU.ActiveCfg = Release_Static|Win32
		{169F662B-7A48-754B-8D47-9CC35D82CDED}.Release_debug|Any CPU.Build.0 = Release_Static|Win32
		{169F662B-7A48-754B-8D47-9CC35D82CDED}.Release_debug|Mixed Platforms.ActiveCfg = Debug_Static|Win32
		{169F662B-7A48-754B-8D47-9CC35D82CDED}.Release_debug|Mixed Platforms.Build.0 = Debug_Static|Win32
		{169F662B-7A48-754B-8D47-9CC35D82CDED}.Release_debug|Win32.ActiveCfg = Release_Static|Win32
		{169F662B-7A48-754B-8D47-9CC35D82CDED}.Release_debug|Win32.Build.0 = Release_Static|Win32
		{169F662B-7A48-754B-8D47-9CC35D82CDED}.Release|Any CPU.ActiveCfg = Release_Static|Win32
		{169F662B-7A48-754B-8D47-9CC35D82CDED}.Release|Any CPU.Build.0 = Release_Static|Win32
		{169F662B-7A48-754B-8D47-9CC35D82CDED}.Release|Mixed Platforms.ActiveCfg = Release_Static|Win32
		{169F662B-7A48-754B-8D47-9CC35D82CDED}.Release|Mixed Platforms.Build.0 = Release_Static|Win32
		{169F662B-7A48-754B-8D47-9CC35D82CDED}.Release|Win32.ActiveCfg = Release_Static|Win32
		{169F662B-7A48-754B-8D47-9CC35D82CDED}.Release|Win32.Build.0 = Release_Static|Win32
		{C725220D-F8C5-4F4A-AC26-AFDA6F7608EB}.Debug_Static|Any CPU.ActiveCfg = Debug_Static|Win32
		{C725220D-F8C5-4F4A-AC26-AFDA6F7608EB}.Debug_Static|Any CPU.Build.0 = Debug_Static|Win32
		{C725220D-F8C5-4F4A-AC26-AFDA6F7608EB}.Debug_Static|Mixed Platforms.ActiveCfg = Debug_Static|Win32
		{C725220D-F8C5-4F4A-AC26-AFDA6F7608EB}.Debug_Static|Mixed Platforms.Build.0 = Debug_Static|Win32
		{C725220D-F8C5-4F4A-AC26-AFDA6F7608EB}.Debug_Static|Win32.ActiveCfg = Debug_Static|Win32
		{C725220D-F8C5-4F4A-AC26-AFDA6F7608EB}.Debug_Static|Win32.Build.0 = Debug_Static|Win32
		{C725220D-F8C5-4F4A-AC26-AFDA6F7608EB}.Debug|Any CPU.ActiveCfg = Debug|Win32
		{C725220D-F8C5-4F4A-AC26-AFDA6F7608EB}.Debug|Mixed Platforms.ActiveCfg = Debug|Win32
		{C725220D-F8C5-4F4A-AC26-AFDA6F7608EB}.Debug|Mixed Platforms.Build.0 = Debug|Win32
		{C725220D-F8C5-4F4A-AC26-AFDA6F7608EB}.Debug|Win32.ActiveCfg = Debug|Win32
		{C725220D-F8C5-4F4A-AC26-AFDA6F7608EB}.Debug|Win32.Build.0 = Debug|Win32
		{C725220D-F8C5-4F4A-AC26-AFDA6F7608EB}.Release_debug|Any CPU.ActiveCfg = Release_Static|Win32
		{C725220D-F8C5-4F4A-AC26-AFDA6F7608EB}.Release_debug|Any CPU.Build.0 = Release_Static|Win32
		{C725220D-F8C5-4F4A-AC26-AFDA6F7608EB}.Release_debug|Mixed Platforms.ActiveCfg = Debug_Static|Win32
		{C725220D-F8C5-4F4A-AC26-AFDA6F7608EB}.Release_debug|Mixed Platforms.Build.0 = Debug_Static|Win32
		{C725220D-F8C5-4F4A-AC26-AFDA6F7608EB}.Release_debug|Win32.ActiveCfg = Release_Static|Win32
		{C725220D-F8C5-4F4A-AC26-AFDA6F7608EB}.Release_debug|Win32.Build.0 = Release_Static|Win32
		{C725220D-F8C5-4F4A-AC26-AFDA6F7608EB}.Release|Any CPU.ActiveCfg = Release_Static|Win32
		{C725220D-F8C5-4F4A-AC26-AFDA6F7608EB}.Release|Any CPU.Build.0 = Release_Static|Win32
		{C725220D-F8C5-4F4A-AC26-AFDA6F7608EB}.Release|Mixed Platforms.ActiveCfg = Release_Static|Win32
		{C725220D-F8C5-4F4A-AC26-AFDA6F7608EB}.Release|Mixed Platforms.Build.0 = Release_Static|Win32
		{C725220D-F8C5-4F4A-AC26-AFDA6F7608EB}.Release|Win32.ActiveCfg = Release_Static|Win32
		{C725220D-F8C5-4F4A-AC26-AFDA6F7608EB}.Release|Win32.Build.0 = Release_Static|Win32
		{1D07078F-B2B5-C04D-A124-7C6BCA72EE51}.Debug_Static|Any CPU.ActiveCfg = Debug_Static|Win32
		{1D07078F-B2B5-C04D-A124-7C6BCA72EE51}.Debug_Static|Any CPU.Build.0 = Debug_Static|Win32
		{1D07078F-B2B5-C04D-A124-7C6BCA72EE51}.Debug_Static|Mixed Platforms.ActiveCfg = Debug_Static|Win32
		{1D07078F-B2B5-C04D-A124-7C6BCA72EE51}.Debug_Static|Mixed Platforms.Build.0 = Debug_Static|Win32
		{1D07078F-B2B5-C04D-A124-7C6BCA72EE51}.Debug_Static|Win32.ActiveCfg = Debug_Static|Win32
		{1D07078F-B2B5-C04D-A124-7C6BCA72EE51}.Debug_Static|Win32.Build.0 = Debug_Static|Win32
		{1D07078F-B2B5-C04D-A124-7C6BCA72EE51}.Debug|Any CPU.ActiveCfg = Debug|Win32
		{1D07078F-B2B5-C04D-A124-7C6BCA72EE51}.Debug|Mixed Platforms.ActiveCfg = Debug|Win32
		{1D07078F-B2B5-C04D-A124-7C6BCA72EE51}.Debug|Mixed Platforms.Build.0 = Debug|Win32
		{1D07078F-B2B5-C04D-A124-7C6BCA72EE51}.Debug|Win32.ActiveCfg = Debug|Win32
		{1D07078F-B2B5-C04D-A124-7C6BCA72EE51}.Debug|Win32.Build.0 = Debug|Win32
		{1D07078F-B2B5-C04D-A124-7C6BCA72EE51}.Release_debug|Any CPU.ActiveCfg = Release_Static|Win32
		{1D07078F-B2B5-C04D-A124-7C6BCA72EE51}.Release_debug|Any CPU.Build.0 = Release_Static|Win32
		{1D07078F-B2B5-C04D-A124-7C6BCA72EE51}.Release_debug|Mixed Platforms.ActiveCfg = Debug_Static|Win32
		{1D07078F-B2B5-C04D-A124-7C6BCA72EE51}.Release_debug|Mixed Platforms.Build.0 = Debug_Static|Win32
		{1D07078F-B2B5-C04D-A124-7C6BCA72EE51}.Release_debug|Win32.ActiveCfg = Release_Static|Win32
		{1D07078F-B2B5-C04D-A124-7C6BCA72EE51}.Release_debug|Win32.Build.0 = Release_Static|Win32
		{1D07078F-B2B5-C04D-A124-7C6BCA72EE51}.Release|Any CPU.ActiveCfg = Release_Static|Win32
		{1D07078F-B2B5-C04D-A124-7C6BCA72EE51}.Release|Any CPU.Build.0 = Release_Static|Win32
		{1D07078F-B2B5-C04D-A124-7C6BCA72EE51}.Release|Mixed Platforms.ActiveCfg = Release_Static|Win32
		{1D07078F-B2B5-C04D-A124-7C6BCA72EE51}.Release|Mixed Platforms.Build.0 = Release_Static|Win32
		{1D07078F-B2B5-C04D-A124-7C6BCA72EE51}.Release|Win32.ActiveCfg = Release_Static|Win32
		{1D07078F-B2B5-C04D-A124-7C6BCA72EE51}.Release|Win32.Build.0 = Release_Static|Win32
		{4301571F-29A7-124D-81EC-BAEBD76D1C5D}.Debug_Static|Any CPU.ActiveCfg = Debug_Static|Win32
		{4301571F-29A7-124D-81EC-BAEBD76D1C5D}.Debug_Static|Any CPU.Build.0 = Debug_Static|Win32
		{4301571F-29A7-124D-81EC-BAEBD76D1C5D}.Debug_Static|Mixed Platforms.ActiveCfg = Debug_Static|Win32
		{4301571F-29A7-124D-81EC-BAEBD76D1C5D}.Debug_Static|Mixed Platforms.Build.0 = Debug_Static|Win32
		{4301571F-29A7-124D-81EC-BAEBD76D1C5D}.Debug_Static|Win32.ActiveCfg = Debug_Static|Win32
		{4301571F-29A7-124D-81EC-BAEBD76D1C5D}.Debug_Static|Win32.Build.0 = Debug_Static|Win32
		{4301571F-29A7-124D-81EC-BAEBD76D1C5D}.Debug|Any CPU.ActiveCfg = Debug|Win32
		{4301571F-29A7-124D-81EC-BAEBD76D1C5D}.Debug|Mixed Platforms.ActiveCfg = Debug|Win32
		{4301571F-29A7-124D-81EC-BAEBD76D1C5D}.Debug|Mixed Platforms.Build.0 = Debug|Win32
		{4301571F-29A7-124D-81EC-BAEBD76D1C5D}.Debug|Win32.ActiveCfg = Debug|Win32
		{4301571F-29A7-124D-81EC-BAEBD76D1C5D}.Debug|Win32.Build.0 = Debug|Win32
		{4301571F-29A7-124D-81EC-BAEBD76D1C5D}.Release_debug|Any CPU.ActiveCfg = Release_Static|Win32
		{4301571F-29A7-124D-81EC-BAEBD76D1C5D}.Release_debug|Any CPU.Build.0 = Release_Static|Win32
		{4301571F-29A7-124D-81EC-BAEBD76D1C5D}.Release_debug|Mixed Platforms.ActiveCfg = Debug_Static|Win32
		{4301571F-29A7-124D-81EC-BAEBD76D1C5D}.Release_debug|Mixed Platforms.Build.0 = Debug_Static|Win32
		{4301571F-29A7-124D-81EC-BAEBD76D1C5D}.Release_debug|Win32.ActiveCfg = Release_Static|Win32
		{4301571F-29A7-124D-81EC-BAEBD76D1C5D}.Release_debug|Win32.Build.0 = Release_Static|Win32
		{4301571F-29A7-124D-81EC-BAEBD76D1C5D}.Release|Any CPU.ActiveCfg = Release_Static|Win32
		{4301571F-29A7-124D-81EC-BAEBD76D1C5D}.Release|Any CPU.Build.0 = Release_Static|Win32
		{4301571F-29A7-124D-81EC-BAEBD76D1C5D}.Release|Mixed Platforms.ActiveCfg = Release_Static|Win32
		{4301571F-29A7-124D-81EC-BAEBD76D1C5D}.Release|Mixed Platforms.Build.0 = Release_Static|Win32
		{4301571F-29A7-124D-81EC-BAEBD76D1C5D}.Release|Win32.ActiveCfg = Release_Static|Win32
		{4301571F-29A7-124D-81EC-BAEBD76D1C5D}.Release|Win32.Build.0 = Release_Static|Win32
		{6A707138-61F7-354E-803E-580F4B93EBB2}.Debug_Static|Any CPU.ActiveCfg = Debug_Static|Win32
		{6A707138-61F7-354E-803E-580F4B93EBB2}.Debug_Static|Any CPU.Build.0 = Debug_Static|Win32
		{6A707138-61F7-354E-803E-580F4B93EBB2}.Debug_Static|Mixed Platforms.ActiveCfg = Debug_Static|Win32
		{6A707138-61F7-354E-803E-580F4B93EBB2}.Debug_Static|Mixed Platforms.Build.0 = Debug_Static|Win32
		{6A707138-61F7-354E-803E-580F4B93EBB2}.Debug_Static|Win32.ActiveCfg = Debug_Static|Win32
		{6A707138-61F7-354E-803E-580F4B93EBB2}.Debug_Static|Win32.Build.0 = Debug_Static|Win32
		{6A707138-61F7-354E-803E-580F4B93EBB2}.Debug|Any CPU.ActiveCfg = Debug|Win32
		{6A707138-61F7-354E-803E-580F4B93EBB2}.Debug|Mixed Platforms.ActiveCfg = Debug|Win32
		{6A707138-61F7-354E-803E-580F4B93EBB2}.Debug|Mixed Platforms.Build.0 = Debug|Win32
		{6A707138-61F7-354E-803E-580F4B93EBB2}.Debug|Win32.ActiveCfg = Debug|Win32
		{6A707138-61F7-354E-803E-580F4B93EBB2}.Debug|Win32.Build.0 = Debug|Win32
		{6A707138-61F7-354E-803E-580F4B93EBB2}.Release_debug|Any CPU.ActiveCfg = Release_Static|Win32
		{6A707138-61F7-354E-803E-580F4B93EBB2}.Release_debug|Any CPU.Build.0 = Release_Static|Win32
		{6A707138-61F7-354E-803E-580F4B93EBB2}.Release_debug|Mixed Platforms.ActiveCfg = Debug_Static|Win32
		{6A707138-61F7-354E-803E-580F4B93EBB2}.Release_debug|Mixed Platforms.Build.0 = Debug_Static|Win32
		{6A707138-61F7-354E-803E-580F4B93EBB2}.Release_debug|Win32.ActiveCfg = Release_Static|Win32
		{6A707138-61F7-354E-803E-580F4B93EBB2}.Release_debug|Win32.Build.0 = Release_Static|Win32
		{6A707138-61F7-354E-803E-580F4B93EBB2}.Release|Any CPU.ActiveCfg = Release_Static|Win32
		{6A707138-61F7-354E-803E-580F4B93EBB2}.Release|Any CPU.Build.0 = Release_Static|Win32
		{6A707138-61F7-354E-803E-580F4B93EBB2}.Release|Mixed Platforms.ActiveCfg = Release_Static|Win32
		{6A707138-61F7-354E-803E-580F4B93EBB2}.Release|Mixed Platforms.Build.0 = Release_Static|Win32
		{6A707138-61F7-354E-803E-580F4B93EBB2}.Release|Win32.ActiveCfg = Release_Static|Win32
		{6A707138-61F7-354E-803E-580F4B93EBB2}.Release|Win32.Build.0 = Release_Static|Win32
		{78B079BD-9FC7-4B9E-B4A6-96DA0F00248B}.Debug_Static|Any CPU.ActiveCfg = Debug Multithreaded|Win32
		{78B079BD-9FC7-4B9E-B4A6-96DA0F00248B}.Debug_Static|Any CPU.Build.0 = Debug Multithreaded|Win32
		{78B079BD-9FC7-4B9E-B4A6-96DA0F00248B}.Debug_Static|Mixed Platforms.ActiveCfg = Debug Multithreaded|Win32
		{78B079BD-9FC7-4B9E-B4A6-96DA0F00248B}.Debug_Static|Mixed Platforms.Build.0 = Debug Multithreaded|Win32
		{78B079BD-9FC7-4B9E-B4A6-96DA0F00248B}.Debug_Static|Win32.ActiveCfg = Debug Multithreaded|Win32
		{78B079BD-9FC7-4B9E-B4A6-96DA0F00248B}.Debug_Static|Win32.Build.0 = Debug Multithreaded|Win32
		{78B079BD-9FC7-4B9E-B4A6-96DA0F00248B}.Debug|Any CPU.ActiveCfg = Debug|Win32
		{78B079BD-9FC7-4B9E-B4A6-96DA0F00248B}.Debug|Mixed Platforms.ActiveCfg = Debug|Win32
		{78B079BD-9FC7-4B9E-B4A6-96DA0F00248B}.Debug|Mixed Platforms.Build.0 = Debug|Win32
		{78B079BD-9FC7-4B9E-B4A6-96DA0F00248B}.Debug|Win32.ActiveCfg = Debug|Win32
		{78B079BD-9FC7-4B9E-B4A6-96DA0F00248B}.Debug|Win32.Build.0 = Debug|Win32
		{78B079BD-9FC7-4B9E-B4A6-96DA0F00248B}.Release_debug|Any CPU.ActiveCfg = Release Singlethreaded|Win32
		{78B079BD-9FC7-4B9E-B4A6-96DA0F00248B}.Release_debug|Any CPU.Build.0 = Release Singlethreaded|Win32
		{78B079BD-9FC7-4B9E-B4A6-96DA0F00248B}.Release_debug|Mixed Platforms.ActiveCfg = Debug Multithreaded|Win32
		{78B079BD-9FC7-4B9E-B4A6-96DA0F00248B}.Release_debug|Mixed Platforms.Build.0 = Debug Multithreaded|Win32
		{78B079BD-9FC7-4B9E-B4A6-96DA0F00248B}.Release_debug|Win32.ActiveCfg = Release Multithreaded|Win32
		{78B079BD-9FC7-4B9E-B4A6-96DA0F00248B}.Release_debug|Win32.Build.0 = Release Multithreaded|Win32
		{78B079BD-9FC7-4B9E-B4A6-96DA0F00248B}.Release|Any CPU.ActiveCfg = Release|Win32
		{78B079BD-9FC7-4B9E-B4A6-96DA0F00248B}.Release|Any CPU.Build.0 = Release|Win32
		{78B079BD-9FC7-4B9E-B4A6-96DA0F00248B}.Release|Mixed Platforms.ActiveCfg = Release Singlethreaded|Win32
		{78B079BD-9FC7-4B9E-B4A6-96DA0F00248B}.Release|Mixed Platforms.Build.0 = Release Singlethreaded|Win32
		{78B079BD-9FC7-4B9E-B4A6-96DA0F00248B}.Release|Win32.ActiveCfg = Release|Win32
		{78B079BD-9FC7-4B9E-B4A6-96DA0F00248B}.Release|Win32.Build.0 = Release|Win32
		{0FE12249-B875-4F60-B266-C5E403533802}.Debug_Static|Any CPU.ActiveCfg = Debug|Win32
		{0FE12249-B875-4F60-B266-C5E403533802}.Debug_Static|Any CPU.Build.0 = Debug|Win32
		{0FE12249-B875-4F60-B266-C5E403533802}.Debug_Static|Mixed Platforms.ActiveCfg = Debug|Win32
		{0FE12249-B875-4F60-B266-C5E403533802}.Debug_Static|Mixed Platforms.Build.0 = Debug|Win32
		{0FE12249-B875-4F60-B266-C5E403533802}.Debug_Static|Win32.ActiveCfg = Debug|Win32
		{0FE12249-B875-4F60-B266-C5E403533802}.Debug_Static|Win32.Build.0 = Debug|Win32
		{0FE12249-B875-4F60-B266-C5E403533802}.Debug|Any CPU.ActiveCfg = Debug|Win32
		{0FE12249-B875-4F60-B266-C5E403533802}.Debug|Mixed Platforms.ActiveCfg = Debug|Win32
		{0FE12249-B875-4F60-B266-C5E403533802}.Debug|Mixed Platforms.Build.0 = Debug|Win32
		{0FE12249-B875-4F60-B266-C5E403533802}.Debug|Win32.ActiveCfg = Debug|Win32
		{0FE12249-B875-4F60-B266-C5E403533802}.Debug|Win32.Build.0 = Debug|Win32
		{0FE12249-B875-4F60-B266-C5E403533802}.Release_debug|Any CPU.ActiveCfg = Release|Win32
		{0FE12249-B875-4F60-B266-C5E403533802}.Release_debug|Any CPU.Build.0 = Release|Win32
		{0FE12249-B875-4F60-B266-C5E403533802}.Release_debug|Mixed Platforms.ActiveCfg = Release|Win32
		{0FE12249-B875-4F60-B266-C5E403533802}.Release_debug|Mixed Platforms.Build.0 = Release|Win32
		{0FE12249-B875-4F60-B266-C5E403533802}.Release_debug|Win32.ActiveCfg = Release|Win32
		{0FE12249-B875-4F60-B266-C5E403533802}.Release_debug|Win32.Build.0 = Release|Win32
		{0FE12249-B875-4F60-B266-C5E403533802}.Release|Any CPU.ActiveCfg = Release|Win32
		{0FE12249-B875-4F60-B266-C5E403533802}.Release|Any CPU.Build.0 = Release|Win32
		{0FE12249-B875-4F60-B266-C5E403533802}.Release|Mixed Platforms.ActiveCfg = Release|Win32
		{0FE12249-B875-4F60-B266-C5E403533802}.Release|Mixed Platforms.Build.0 = Release|Win32
		{0FE12249-B875-4F60-B266-C5E403533802}.Release|Win32.ActiveCfg = Release|Win32
		{0FE12249-B875-4F60-B266-C5E403533802}.Release|Win32.Build.0 = Release|Win32
		{A7802AE4-E88D-4A41-BA01-885A877686CC}.Debug_Static|Any CPU.ActiveCfg = Debug|Win32
		{A7802AE4-E88D-4A41-BA01-885A877686CC}.Debug_Static|Any CPU.Build.0 = Debug|Win32
		{A7802AE4-E88D-4A41-BA01-885A877686CC}.Debug_Static|Mixed Platforms.ActiveCfg = Debug|Win32
		{A7802AE4-E88D-4A41-BA01-885A877686CC}.Debug_Static|Mixed Platforms.Build.0 = Debug|Win32
		{A7802AE4-E88D-4A41-BA01-885A877686CC}.Debug_Static|Win32.ActiveCfg = Debug|Win32
		{A7802AE4-E88D-4A41-BA01-885A877686CC}.Debug_Static|Win32.Build.0 = Debug|Win32
		{A7802AE4-E88D-4A41-BA01-885A877686CC}.Debug|Any CPU.ActiveCfg = Debug|Win32
		{A7802AE4-E88D-4A41-BA01-885A877686CC}.Debug|Mixed Platforms.ActiveCfg = Debug|Win32
		{A7802AE4-E88D-4A41-BA01-885A877686CC}.Debug|Mixed Platforms.Build.0 = Debug|Win32
		{A7802AE4-E88D-4A41-BA01-885A877686CC}.Debug|Win32.ActiveCfg = Debug|Win32
		{A7802AE4-E88D-4A41-BA01-885A877686CC}.Debug|Win32.Build.0 = Debug|Win32
		{A7802AE4-E88D-4A41-BA01-885A877686CC}.Release_debug|Any CPU.ActiveCfg = ReleaseWithoutAsm|Win32
		{A7802AE4-E88D-4A41-BA01-885A877686CC}.Release_debug|Any CPU.Build.0 = ReleaseWithoutAsm|Win32
		{A7802AE4-E88D-4A41-BA01-885A877686CC}.Release_debug|Mixed Platforms.ActiveCfg = ReleaseWithoutAsm|Win32
		{A7802AE4-E88D-4A41-BA01-885A877686CC}.Release_debug|Mixed Platforms.Build.0 = ReleaseWithoutAsm|Win32
		{A7802AE4-E88D-4A41-BA01-885A877686CC}.Release_debug|Win32.ActiveCfg = ReleaseWithoutAsm|Win32
		{A7802AE4-E88D-4A41-BA01-885A877686CC}.Release_debug|Win32.Build.0 = ReleaseWithoutAsm|Win32
		{A7802AE4-E88D-4A41-BA01-885A877686CC}.Release|Any CPU.ActiveCfg = Release|Win32
		{A7802AE4-E88D-4A41-BA01-885A877686CC}.Release|Any CPU.Build.0 = Release|Win32
		{A7802AE4-E88D-4A41-BA01-885A877686CC}.Release|Mixed Platforms.ActiveCfg = Release|Win32
		{A7802AE4-E88D-4A41-BA01-885A877686CC}.Release|Mixed Platforms.Build.0 = Release|Win32
		{A7802AE4-E88D-4A41-BA01-885A877686CC}.Release|Win32.ActiveCfg = Release|Win32
		{A7802AE4-E88D-4A41-BA01-885A877686CC}.Release|Win32.Build.0 = Release|Win32
		{8CEC5F60-CA13-43B5-9F6F-7A548EFA09C4}.Debug_Static|Any CPU.ActiveCfg = Debug|Win32
		{8CEC5F60-CA13-43B5-9F6F-7A548EFA09C4}.Debug_Static|Any CPU.Build.0 = Debug|Win32
		{8CEC5F60-CA13-43B5-9F6F-7A548EFA09C4}.Debug_Static|Mixed Platforms.ActiveCfg = Debug|Win32
		{8CEC5F60-CA13-43B5-9F6F-7A548EFA09C4}.Debug_Static|Mixed Platforms.Build.0 = Debug|Win32
		{8CEC5F60-CA13-43B5-9F6F-7A548EFA09C4}.Debug_Static|Win32.ActiveCfg = Debug|Win32
		{8CEC5F60-CA13-43B5-9F6F-7A548EFA09C4}.Debug_Static|Win32.Build.0 = Debug|Win32
		{8CEC5F60-CA13-43B5-9F6F-7A548EFA09C4}.Debug|Any CPU.ActiveCfg = Debug|Win32
		{8CEC5F60-CA13-43B5-9F6F-7A548EFA09C4}.Debug|Mixed Platforms.ActiveCfg = Debug|Win32
		{8CEC5F60-CA13-43B5-9F6F-7A548EFA09C4}.Debug|Mixed Platforms.Build.0 = Debug|Win32
		{8CEC5F60-CA13-43B5-9F6F-7A548EFA09C4}.Debug|Win32.ActiveCfg = Debug|Win32
		{8CEC5F60-CA13-43B5-9F6F-7A548EFA09C4}.Debug|Win32.Build.0 = Debug|Win32
		{8CEC5F60-CA13-43B5-9F6F-7A548EFA09C4}.Release_debug|Any CPU.ActiveCfg = Release|Win32
		{8CEC5F60-CA13-43B5-9F6F-7A548EFA09C4}.Release_debug|Any CPU.Build.0 = Release|Win32
		{8CEC5F60-CA13-43B5-9F6F-7A548EFA09C4}.Release_debug|Mixed Platforms.ActiveCfg = Release|Win32
		{8CEC5F60-CA13-43B5-9F6F-7A548EFA09C4}.Release_debug|Mixed Platforms.Build.0 = Release|Win32
		{8CEC5F60-CA13-43B5-9F6F-7A548EFA09C4}.Release_debug|Win32.ActiveCfg = Debug|Win32
		{8CEC5F60-CA13-43B5-9F6F-7A548EFA09C4}.Release_debug|Win32.Build.0 = Debug|Win32
		{8CEC5F60-CA13-43B5-9F6F-7A548EFA09C4}.Release|Any CPU.ActiveCfg = Release|Win32
		{8CEC5F60-CA13-43B5-9F6F-7A548EFA09C4}.Release|Any CPU.Build.0 = Release|Win32
		{8CEC5F60-CA13-43B5-9F6F-7A548EFA09C4}.Release|Mixed Platforms.ActiveCfg = Release|Win32
		{8CEC5F60-CA13-43B5-9F6F-7A548EFA09C4}.Release|Mixed Platforms.Build.0 = Release|Win32
		{8CEC5F60-CA13-43B5-9F6F-7A548EFA09C4}.Release|Win32.ActiveCfg = Release|Win32
		{8CEC5F60-CA13-43B5-9F6F-7A548EFA09C4}.Release|Win32.Build.0 = Release|Win32
		{D398CA15-23DF-4207-9A4B-539BC8C8DFEC}.Debug_Static|Any CPU.ActiveCfg = Debug|Win32
		{D398CA15-23DF-4207-9A4B-539BC8C8DFEC}.Debug_Static|Any CPU.Build.0 = Debug|Win32
		{D398CA15-23DF-4207-9A4B-539BC8C8DFEC}.Debug_Static|Mixed Platforms.ActiveCfg = Debug|Win32
		{D398CA15-23DF-4207-9A4B-539BC8C8DFEC}.Debug_Static|Mixed Platforms.Build.0 = Debug|Win32
		{D398CA15-23DF-4207-9A4B-539BC8C8DFEC}.Debug_Static|Win32.ActiveCfg = Debug|Win32
		{D398CA15-23DF-4207-9A4B-539BC8C8DFEC}.Debug_Static|Win32.Build.0 = Debug|Win32
		{D398CA15-23DF-4207-9A4B-539BC8C8DFEC}.Debug|Any CPU.ActiveCfg = Debug|Win32
		{D398CA15-23DF-4207-9A4B-539BC8C8DFEC}.Debug|Mixed Platforms.ActiveCfg = Debug|Win32
		{D398CA15-23DF-4207-9A4B-539BC8C8DFEC}.Debug|Mixed Platforms.Build.0 = Debug|Win32
		{D398CA15-23DF-4207-9A4B-539BC8C8DFEC}.Debug|Win32.ActiveCfg = Debug|Win32
		{D398CA15-23DF-4207-9A4B-539BC8C8DFEC}.Debug|Win32.Build.0 = Debug|Win32
		{D398CA15-23DF-4207-9A4B-539BC8C8DFEC}.Release_debug|Any CPU.ActiveCfg = Release|Win32
		{D398CA15-23DF-4207-9A4B-539BC8C8DFEC}.Release_debug|Any CPU.Build.0 = Release|Win32
		{D398CA15-23DF-4207-9A4B-539BC8C8DFEC}.Release_debug|Mixed Platforms.ActiveCfg = Debug|Win32
		{D398CA15-23DF-4207-9A4B-539BC8C8DFEC}.Release_debug|Mixed Platforms.Build.0 = Debug|Win32
		{D398CA15-23DF-4207-9A4B-539BC8C8DFEC}.Release_debug|Win32.ActiveCfg = Debug|Win32
		{D398CA15-23DF-4207-9A4B-539BC8C8DFEC}.Release_debug|Win32.Build.0 = Debug|Win32
		{D398CA15-23DF-4207-9A4B-539BC8C8DFEC}.Release|Any CPU.ActiveCfg = Release|Win32
		{D398CA15-23DF-4207-9A4B-539BC8C8DFEC}.Release|Any CPU.Build.0 = Release|Win32
		{D398CA15-23DF-4207-9A4B-539BC8C8DFEC}.Release|Mixed Platforms.ActiveCfg = Release|Win32
		{D398CA15-23DF-4207-9A4B-539BC8C8DFEC}.Release|Mixed Platforms.Build.0 = Release|Win32
		{D398CA15-23DF-4207-9A4B-539BC8C8DFEC}.Release|Win32.ActiveCfg = Release|Win32
		{D398CA15-23DF-4207-9A4B-539BC8C8DFEC}.Release|Win32.Build.0 = Release|Win32
		{423051EE-D7F3-4C45-9FA5-269931AF5D55}.Debug_Static|Any CPU.ActiveCfg = Debug|Win32
		{423051EE-D7F3-4C45-9FA5-269931AF5D55}.Debug_Static|Any CPU.Build.0 = Debug|Win32
		{423051EE-D7F3-4C45-9FA5-269931AF5D55}.Debug_Static|Mixed Platforms.ActiveCfg = Debug|Win32
		{423051EE-D7F3-4C45-9FA5-269931AF5D55}.Debug_Static|Mixed Platforms.Build.0 = Debug|Win32
		{423051EE-D7F3-4C45-9FA5-269931AF5D55}.Debug_Static|Win32.ActiveCfg = Debug|Win32
		{423051EE-D7F3-4C45-9FA5-269931AF5D55}.Debug_Static|Win32.Build.0 = Debug|Win32
		{423051EE-D7F3-4C45-9FA5-269931AF5D55}.Debug|Any CPU.ActiveCfg = Debug|Win32
		{423051EE-D7F3-4C45-9FA5-269931AF5D55}.Debug|Mixed Platforms.ActiveCfg = Debug|Win32
		{423051EE-D7F3-4C45-9FA5-269931AF5D55}.Debug|Mixed Platforms.Build.0 = Debug|Win32
		{423051EE-D7F3-4C45-9FA5-269931AF5D55}.Debug|Win32.ActiveCfg = Debug|Win32
		{423051EE-D7F3-4C45-9FA5-269931AF5D55}.Debug|Win32.Build.0 = Debug|Win32
		{423051EE-D7F3-4C45-9FA5-269931AF5D55}.Release_debug|Any CPU.ActiveCfg = Release|Win32
		{423051EE-D7F3-4C45-9FA5-269931AF5D55}.Release_debug|Any CPU.Build.0 = Release|Win32
		{423051EE-D7F3-4C45-9FA5-269931AF5D55}.Release_debug|Mixed Platforms.ActiveCfg = Release|Win32
		{423051EE-D7F3-4C45-9FA5-269931AF5D55}.Release_debug|Mixed Platforms.Build.0 = Release|Win32
		{423051EE-D7F3-4C45-9FA5-269931AF5D55}.Release_debug|Win32.ActiveCfg = Release|Win32
		{423051EE-D7F3-4C45-9FA5-269931AF5D55}.Release_debug|Win32.Build.0 = Release|Win32
		{423051EE-D7F3-4C45-9FA5-269931AF5D55}.Release|Any CPU.ActiveCfg = Release|Win32
		{423051EE-D7F3-4C45-9FA5-269931AF5D55}.Release|Any CPU.Build.0 = Release|Win32
		{423051EE-D7F3-4C45-9FA5-269931AF5D55}.Release|Mixed Platforms.ActiveCfg = Release|Win32
		{423051EE-D7F3-4C45-9FA5-269931AF5D55}.Release|Mixed Platforms.Build.0 = Release|Win32
		{423051EE-D7F3-4C45-9FA5-269931AF5D55}.Release|Win32.ActiveCfg = Release|Win32
		{423051EE-D7F3-4C45-9FA5-269931AF5D55}.Release|Win32.Build.0 = Release|Win32
		{97B0EF93-19F6-4B03-A460-2BA11F38E13D}.Debug_Static|Any CPU.ActiveCfg = Debug|Win32
		{97B0EF93-19F6-4B03-A460-2BA11F38E13D}.Debug_Static|Any CPU.Build.0 = Debug|Win32
		{97B0EF93-19F6-4B03-A460-2BA11F38E13D}.Debug_Static|Mixed Platforms.ActiveCfg = Debug|Win32
		{97B0EF93-19F6-4B03-A460-2BA11F38E13D}.Debug_Static|Mixed Platforms.Build.0 = Debug|Win32
		{97B0EF93-19F6-4B03-A460-2BA11F38E13D}.Debug_Static|Win32.ActiveCfg = Debug|Win32
		{97B0EF93-19F6-4B03-A460-2BA11F38E13D}.Debug_Static|Win32.Build.0 = Debug|Win32
		{97B0EF93-19F6-4B03-A460-2BA11F38E13D}.Debug|Any CPU.ActiveCfg = Debug|Win32
		{97B0EF93-19F6-4B03-A460-2BA11F38E13D}.Debug|Mixed Platforms.ActiveCfg = Debug|Win32
		{97B0EF93-19F6-4B03-A460-2BA11F38E13D}.Debug|Mixed Platforms.Build.0 = Debug|Win32
		{97B0EF93-19F6-4B03-A460-2BA11F38E13D}.Debug|Win32.ActiveCfg = Debug|Win32
		{97B0EF93-19F6-4B03-A460-2BA11F38E13D}.Debug|Win32.Build.0 = Debug|Win32
		{97B0EF93-19F6-4B03-A460-2BA11F38E13D}.Release_debug|Any CPU.ActiveCfg = Release|Win32
		{97B0EF93-19F6-4B03-A460-2BA11F38E13D}.Release_debug|Any CPU.Build.0 = Release|Win32
		{97B0EF93-19F6-4B03-A460-2BA11F38E13D}.Release_debug|Mixed Platforms.ActiveCfg = Debug|Win32
		{97B0EF93-19F6-4B03-A460-2BA11F38E13D}.Release_debug|Mixed Platforms.Build.0 = Debug|Win32
		{97B0EF93-19F6-4B03-A460-2BA11F38E13D}.Release_debug|Win32.ActiveCfg = Release|Win32
		{97B0EF93-19F6-4B03-A460-2BA11F38E13D}.Release_debug|Win32.Build.0 = Release|Win32
		{97B0EF93-19F6-4B03-A460-2BA11F38E13D}.Release|Any CPU.ActiveCfg = Release|Win32
		{97B0EF93-19F6-4B03-A460-2BA11F38E13D}.Release|Any CPU.Build.0 = Release|Win32
		{97B0EF93-19F6-4B03-A460-2BA11F38E13D}.Release|Mixed Platforms.ActiveCfg = Release|Win32
		{97B0EF93-19F6-4B03-A460-2BA11F38E13D}.Release|Mixed Platforms.Build.0 = Release|Win32
		{97B0EF93-19F6-4B03-A460-2BA11F38E13D}.Release|Win32.ActiveCfg = Release|Win32
		{97B0EF93-19F6-4B03-A460-2BA11F38E13D}.Release|Win32.Build.0 = Release|Win32
		{A69D3D23-679D-4472-8312-2D9D0FCDC185}.Debug_Static|Any CPU.ActiveCfg = Debug|Win32
		{A69D3D23-679D-4472-8312-2D9D0FCDC185}.Debug_Static|Any CPU.Build.0 = Debug|Win32
		{A69D3D23-679D-4472-8312-2D9D0FCDC185}.Debug_Static|Mixed Platforms.ActiveCfg = Debug|Win32
		{A69D3D23-679D-4472-8312-2D9D0FCDC185}.Debug_Static|Mixed Platforms.Build.0 = Debug|Win32
		{A69D3D23-679D-4472-8312-2D9D0FCDC185}.Debug_Static|Win32.ActiveCfg = Debug|Win32
		{A69D3D23-679D-4472-8312-2D9D0FCDC185}.Debug_Static|Win32.Build.0 = Debug|Win32
		{A69D3D23-679D-4472-8312-2D9D0FCDC185}.Debug|Any CPU.ActiveCfg = Debug|Win32
		{A69D3D23-679D-4472-8312-2D9D0FCDC185}.Debug|Any CPU.Build.0 = Debug|Win32
		{A69D3D23-679D-4472-8312-2D9D0FCDC185}.Debug|Mixed Platforms.ActiveCfg = Debug|Win32
		{A69D3D23-679D-4472-8312-2D9D0FCDC185}.Debug|Mixed Platforms.Build.0 = Debug|Win32
		{A69D3D23-679D-4472-8312-2D9D0FCDC185}.Debug|Win32.ActiveCfg = Debug|Win32
		{A69D3D23-679D-4472-8312-2D9D0FCDC185}.Debug|Win32.Build.0 = Debug|Win32
		{A69D3D23-679D-4472-8312-2D9D0FCDC185}.Release_debug|Any CPU.ActiveCfg = Release|Win32
		{A69D3D23-679D-4472-8312-2D9D0FCDC185}.Release_debug|Mixed Platforms.ActiveCfg = Release|Win32
		{A69D3D23-679D-4472-8312-2D9D0FCDC185}.Release_debug|Mixed Platforms.Build.0 = Release|Win32
		{A69D3D23-679D-4472-8312-2D9D0FCDC185}.Release_debug|Win32.ActiveCfg = Debug|Win32
		{A69D3D23-679D-4472-8312-2D9D0FCDC185}.Release_debug|Win32.Build.0 = Debug|Win32
		{A69D3D23-679D-4472-8312-2D9D0FCDC185}.Release|Any CPU.ActiveCfg = Release|Win32
		{A69D3D23-679D-4472-8312-2D9D0FCDC185}.Release|Any CPU.Build.0 = Release|Win32
		{A69D3D23-679D-4472-8312-2D9D0FCDC185}.Release|Mixed Platforms.ActiveCfg = Release|Win32
		{A69D3D23-679D-4472-8312-2D9D0FCDC185}.Release|Mixed Platforms.Build.0 = Release|Win32
		{A69D3D23-679D-4472-8312-2D9D0FCDC185}.Release|Win32.ActiveCfg = Release|Win32
		{A69D3D23-679D-4472-8312-2D9D0FCDC185}.Release|Win32.Build.0 = Release|Win32
	EndGlobalSection
	GlobalSection(SolutionProperties) = preSolution
		HideSolutionNode = FALSE
	EndGlobalSection
	GlobalSection(NestedProjects) = preSolution
		{87CD788A-CA2C-41FC-A480-593DF03A8631} = {4DD4B08F-37B0-4A3D-B800-7DF007556D7E}
		{78B079BD-9FC7-4B9E-B4A6-96DA0F00248B} = {4DD4B08F-37B0-4A3D-B800-7DF007556D7E}
		{0FE12249-B875-4F60-B266-C5E403533802} = {4DD4B08F-37B0-4A3D-B800-7DF007556D7E}
		{A7802AE4-E88D-4A41-BA01-885A877686CC} = {4DD4B08F-37B0-4A3D-B800-7DF007556D7E}
		{D398CA15-23DF-4207-9A4B-539BC8C8DFEC} = {4DD4B08F-37B0-4A3D-B800-7DF007556D7E}
		{9EBB914E-CD46-6244-8299-D7CA00A17506} = {87CD788A-CA2C-41FC-A480-593DF03A8631}
		{159D47CB-47E1-A04F-A493-56F52DBBF834} = {87CD788A-CA2C-41FC-A480-593DF03A8631}
		{169F662B-7A48-754B-8D47-9CC35D82CDED} = {87CD788A-CA2C-41FC-A480-593DF03A8631}
		{C725220D-F8C5-4F4A-AC26-AFDA6F7608EB} = {87CD788A-CA2C-41FC-A480-593DF03A8631}
		{1D07078F-B2B5-C04D-A124-7C6BCA72EE51} = {87CD788A-CA2C-41FC-A480-593DF03A8631}
		{4301571F-29A7-124D-81EC-BAEBD76D1C5D} = {87CD788A-CA2C-41FC-A480-593DF03A8631}
		{6A707138-61F7-354E-803E-580F4B93EBB2} = {87CD788A-CA2C-41FC-A480-593DF03A8631}
	EndGlobalSection
EndGlobal
